<?xml version="1.0"?>
<CONFIG>
  <ProjectOptions>
    <Version Value="9"/>
    <General>
      <Flags>
        <MainUnitHasCreateFormStatements Value="False"/>
        <MainUnitHasTitleStatement Value="False"/>
      </Flags>
      <SessionStorage Value="InProjectDir"/>
      <MainUnit Value="0"/>
      <Title Value="Listaller BindingTool"/>
      <ResourceType Value="res"/>
      <UseXPManifest Value="True"/>
    </General>
    <VersionInfo>
      <UseVersionInfo Value="True"/>
      <MinorVersionNr Value="2"/>
      <Language Value=""/>
      <CharSet Value=""/>
      <StringTable Comments="Developed for the Listaller Project" FileDescription="Simple generator for C-bindings from Pascal files" InternalName="bindtool" LegalCopyright="Matthias Klumpp" ProductVersion=""/>
    </VersionInfo>
    <BuildModes Count="1">
      <Item1 Name="default" Default="True"/>
    </BuildModes>
    <PublishOptions>
      <Version Value="2"/>
      <IgnoreBinaries Value="False"/>
      <IncludeFileFilter Value="*.(pas|pp|inc|lfm|lpr|lrs|lpi|lpk|sh|xml)"/>
      <ExcludeFileFilter Value="*.(bak|ppu|ppw|o|so);*~;backup"/>
    </PublishOptions>
    <RunParams>
      <local>
        <FormatVersion Value="1"/>
        <LaunchingApplication PathPlusParams="/usr/X11R6/bin/xterm -T 'Lazarus Run Output' -e $(LazarusDir)/tools/runwait.sh $(TargetCmdLine)"/>
      </local>
    </RunParams>
    <Units Count="4">
      <Unit0>
        <Filename Value="bindingtool.lpr"/>
        <IsPartOfProject Value="True"/>
        <UnitName Value="bindingtool"/>
      </Unit0>
      <Unit1>
        <Filename Value="pascconv.pas"/>
        <IsPartOfProject Value="True"/>
        <UnitName Value="pascconv"/>
      </Unit1>
      <Unit2>
        <Filename Value="pasbind.pas"/>
        <IsPartOfProject Value="True"/>
        <UnitName Value="pasbind"/>
      </Unit2>
      <Unit3>
        <Filename Value="pkpasbind.pas"/>
        <IsPartOfProject Value="True"/>
        <UnitName Value="pkpasbind"/>
      </Unit3>
    </Units>
  </ProjectOptions>
  <CompilerOptions>
    <Version Value="9"/>
    <Target>
      <Filename Value="../../build/util/bindingtool"/>
    </Target>
    <SearchPaths>
      <IncludeFiles Value="$(ProjOutDir)"/>
      <OtherUnitFiles Value=".."/>
      <UnitOutputDirectory Value="../../build/$(TargetCPU)-$(TargetOS)"/>
      <LCLWidgetType Value="nogui"/>
    </SearchPaths>
    <Linking>
      <LinkSmart Value="True"/>
    </Linking>
    <Other>
      <CompilerMessages>
        <UseMsgFile Value="True"/>
      </CompilerMessages>
      <CompilerPath Value="$(CompPath)"/>
    </Other>
  </CompilerOptions>
  <Debugging>
    <Exceptions Count="3">
      <Item1>
        <Name Value="EAbort"/>
      </Item1>
      <Item2>
        <Name Value="ECodetoolError"/>
      </Item2>
      <Item3>
        <Name Value="EFOpenError"/>
      </Item3>
    </Exceptions>
  </Debugging>
</CONFIG>
