<?xml version="1.0"?>
<CONFIG>
  <ProjectOptions>
    <Version Value="7"/>
    <General>
      <Flags>
        <MainUnitHasCreateFormStatements Value="False"/>
        <MainUnitHasTitleStatement Value="False"/>
      </Flags>
      <MainUnit Value="0"/>
      <TargetFileExt Value=""/>
      <Title Value="Listaller Daemon"/>
      <UseAppBundle Value="False"/>
      <ActiveEditorIndexAtStart Value="0"/>
    </General>
    <VersionInfo>
      <UseVersionInfo Value="True"/>
      <AutoIncrementBuild Value="True"/>
      <CurrentMajorRevNr Value="4"/>
      <CurrentBuildNr Value="331"/>
      <ProjectVersion Value="0.4.0.0"/>
    </VersionInfo>
    <PublishOptions>
      <Version Value="2"/>
      <IgnoreBinaries Value="False"/>
      <IncludeFileFilter Value="*.(pas|pp|inc|lfm|lpr|lrs|lpi|lpk|sh|xml)"/>
      <ExcludeFileFilter Value="*.(bak|ppu|ppw|o|so);*~;backup"/>
    </PublishOptions>
    <RunParams>
      <local>
        <FormatVersion Value="1"/>
        <LaunchingApplication PathPlusParams="/usr/X11R6/bin/xterm -T 'Lazarus Run Output' -e $(LazarusDir)/tools/runwait.sh $(TargetCmdLine)"/>
      </local>
    </RunParams>
    <Units Count="25">
      <Unit0>
        <Filename Value="listallerd.lpr"/>
        <IsPartOfProject Value="True"/>
        <UnitName Value="listallerd"/>
        <CursorPos X="58" Y="22"/>
        <TopLine Value="1"/>
        <EditorIndex Value="0"/>
        <UsageCount Value="37"/>
        <Loaded Value="True"/>
      </Unit0>
      <Unit1>
        <Filename Value="../bindings/installer.pas"/>
        <UnitName Value="installer"/>
        <CursorPos X="55" Y="216"/>
        <TopLine Value="194"/>
        <UsageCount Value="10"/>
      </Unit1>
      <Unit2>
        <Filename Value="../bindings/appman.pas"/>
        <UnitName Value="appman"/>
        <CursorPos X="88" Y="29"/>
        <TopLine Value="2"/>
        <UsageCount Value="10"/>
      </Unit2>
      <Unit3>
        <Filename Value="../distri.pas"/>
        <UnitName Value="distri"/>
        <CursorPos X="1" Y="1"/>
        <TopLine Value="1"/>
        <UsageCount Value="10"/>
      </Unit3>
      <Unit4>
        <Filename Value="djobs.pas"/>
        <IsPartOfProject Value="True"/>
        <UnitName Value="djobs"/>
        <CursorPos X="13" Y="584"/>
        <TopLine Value="564"/>
        <UsageCount Value="37"/>
      </Unit4>
      <Unit5>
        <Filename Value="../../../../../../usr/share/fpcsrc/2.3.1/packages/dbus/src/dbus-message.inc"/>
        <CursorPos X="10" Y="96"/>
        <TopLine Value="76"/>
        <UsageCount Value="10"/>
      </Unit5>
      <Unit6>
        <Filename Value="../../../../../../usr/share/fpcsrc/2.3.1/packages/dbus/src/dbus.pas"/>
        <UnitName Value="dbus"/>
        <CursorPos X="17" Y="68"/>
        <TopLine Value="53"/>
        <UsageCount Value="10"/>
      </Unit6>
      <Unit7>
        <Filename Value="../../../../../../usr/share/fpcsrc/2.3.1/packages/dbus/src/dbus-threads.inc"/>
        <CursorPos X="1" Y="1"/>
        <TopLine Value="55"/>
        <UsageCount Value="10"/>
      </Unit7>
      <Unit8>
        <Filename Value="../../../../../../usr/share/fpcsrc/2.3.1/rtl/objpas/classes/classesh.inc"/>
        <CursorPos X="20" Y="1428"/>
        <TopLine Value="1408"/>
        <UsageCount Value="10"/>
      </Unit8>
      <Unit9>
        <Filename Value="../licommon.pas"/>
        <UnitName Value="licommon"/>
        <CursorPos X="1" Y="1"/>
        <TopLine Value="25"/>
        <UsageCount Value="10"/>
      </Unit9>
      <Unit10>
        <Filename Value="../../../../../../usr/share/fpcsrc/2.3.1/rtl/inc/objpash.inc"/>
        <CursorPos X="23" Y="175"/>
        <TopLine Value="155"/>
        <UsageCount Value="10"/>
      </Unit10>
      <Unit11>
        <Filename Value="../../../../../../usr/share/fpcsrc/2.3.1/packages/dbus/src/dbus-connection.inc"/>
        <CursorPos X="32" Y="90"/>
        <TopLine Value="70"/>
        <UsageCount Value="10"/>
      </Unit11>
      <Unit12>
        <Filename Value="../libasic.pas"/>
        <UnitName Value="libasic"/>
        <CursorPos X="11" Y="88"/>
        <TopLine Value="73"/>
        <UsageCount Value="10"/>
      </Unit12>
      <Unit13>
        <Filename Value="../litypes.pas"/>
        <UnitName Value="litypes"/>
        <CursorPos X="70" Y="42"/>
        <TopLine Value="26"/>
        <UsageCount Value="10"/>
      </Unit13>
      <Unit14>
        <Filename Value="../../../../../../usr/share/fpcsrc/2.4.0/rtl/inc/ctypes.pp"/>
        <UnitName Value="ctypes"/>
        <CursorPos X="1" Y="1"/>
        <TopLine Value="1"/>
        <UsageCount Value="10"/>
      </Unit14>
      <Unit15>
        <Filename Value="../../../../../../usr/lib/lazarus/0.9.28.2/lcl/interfaces/nogui/interfaces.pp"/>
        <UnitName Value="Interfaces"/>
        <CursorPos X="3" Y="27"/>
        <TopLine Value="1"/>
        <UsageCount Value="10"/>
      </Unit15>
      <Unit16>
        <Filename Value="../../../../../../usr/share/fpcsrc/2.4.0/packages/dbus/src/dbus-message.inc"/>
        <CursorPos X="3" Y="33"/>
        <TopLine Value="13"/>
        <UsageCount Value="10"/>
      </Unit16>
      <Unit17>
        <Filename Value="../../../../../../usr/share/fpcsrc/2.4.0/packages/dbus/src/dbus-arch-deps.inc"/>
        <CursorPos X="3" Y="39"/>
        <TopLine Value="5"/>
        <UsageCount Value="10"/>
      </Unit17>
      <Unit18>
        <Filename Value="../../../../../../usr/share/fpcsrc/2.4.0/packages/dbus/src/dbus-protocol.inc"/>
        <CursorPos X="3" Y="59"/>
        <TopLine Value="37"/>
        <UsageCount Value="10"/>
      </Unit18>
      <Unit19>
        <Filename Value="../../../../../../usr/share/fpcsrc/2.4.0/rtl/objpas/classes/classesh.inc"/>
        <CursorPos X="17" Y="1428"/>
        <TopLine Value="1408"/>
        <UsageCount Value="10"/>
      </Unit19>
      <Unit20>
        <Filename Value="../../../../../../usr/share/fpcsrc/2.4.0/packages/gtk2/src/glib/gtypes.inc"/>
        <CursorPos X="4" Y="23"/>
        <TopLine Value="3"/>
        <UsageCount Value="10"/>
      </Unit20>
      <Unit21>
        <Filename Value="../../../../../../usr/share/fpcsrc/2.4.0/rtl/objpas/sysutils/datih.inc"/>
        <CursorPos X="20" Y="148"/>
        <TopLine Value="87"/>
        <UsageCount Value="10"/>
      </Unit21>
      <Unit22>
        <Filename Value="../../../../../../usr/share/fpcsrc/2.4.0/rtl/inc/systemh.inc"/>
        <CursorPos X="3" Y="300"/>
        <TopLine Value="280"/>
        <UsageCount Value="10"/>
      </Unit22>
      <Unit23>
        <Filename Value="../../../../../../usr/lib/lazarus/0.9.28.2/lcl/lclintf.pas"/>
        <UnitName Value="LCLIntf"/>
        <CursorPos X="10" Y="80"/>
        <TopLine Value="60"/>
        <UsageCount Value="10"/>
      </Unit23>
      <Unit24>
        <Filename Value="../bindings/packagekit.pas"/>
        <UnitName Value="packagekit"/>
        <CursorPos X="48" Y="194"/>
        <TopLine Value="181"/>
        <UsageCount Value="10"/>
      </Unit24>
    </Units>
    <JumpHistory Count="2" HistoryIndex="1">
      <Position1>
        <Filename Value="listallerd.lpr"/>
        <Caret Line="106" Column="29" TopLine="78"/>
      </Position1>
      <Position2>
        <Filename Value="listallerd.lpr"/>
        <Caret Line="22" Column="68" TopLine="1"/>
      </Position2>
    </JumpHistory>
  </ProjectOptions>
  <CompilerOptions>
    <Version Value="8"/>
    <Target>
      <Filename Value="../build/listallerd"/>
    </Target>
    <SearchPaths>
      <IncludeFiles Value="$(ProjOutDir)/"/>
      <OtherUnitFiles Value="../bindings/;../;/usr/share/fpcsrc/$(FPCVer)/packages/dbus/src/;$(LazarusDir)/lcl/units/$(TargetCPU)-$(TargetOS)/nogui/;$(LazarusDir)/lcl/units/$(TargetCPU)-$(TargetOS)/"/>
      <LCLWidgetType Value="nogui"/>
    </SearchPaths>
    <CodeGeneration>
      <SmartLinkUnit Value="True"/>
    </CodeGeneration>
    <Linking>
      <LinkSmart Value="True"/>
    </Linking>
    <Other>
      <CompilerPath Value="$(CompPath)"/>
    </Other>
  </CompilerOptions>
  <Debugging>
    <Exceptions Count="3">
      <Item1>
        <Name Value="EAbort"/>
      </Item1>
      <Item2>
        <Name Value="ECodetoolError"/>
      </Item2>
      <Item3>
        <Name Value="EFOpenError"/>
      </Item3>
    </Exceptions>
  </Debugging>
</CONFIG>
