<?xml version="1.0"?>
<CONFIG>
  <ProjectOptions>
    <Version Value="7"/>
    <General>
      <MainUnit Value="0"/>
      <TargetFileExt Value=""/>
      <Icon Value="0"/>
      <UseXPManifest Value="True"/>
      <ActiveEditorIndexAtStart Value="0"/>
    </General>
    <VersionInfo>
      <ProjectVersion Value=""/>
    </VersionInfo>
    <PublishOptions>
      <Version Value="2"/>
      <IgnoreBinaries Value="False"/>
      <IncludeFileFilter Value="*.(pas|pp|inc|lfm|lpr|lrs|lpi|lpk|sh|xml)"/>
      <ExcludeFileFilter Value="*.(bak|ppu|ppw|o|so);*~;backup"/>
    </PublishOptions>
    <RunParams>
      <local>
        <FormatVersion Value="1"/>
        <HostApplicationFilename Value="/home/matthias/Development/listaller/trunk/bin/libuild"/>
        <CommandLineParams Value="-b /home/matthias/Desktop/ListallerPacks/Songbird/sb-script.ips /home/matthias/Desktop/ListallerPacks/Songbird/testbuild.ipk"/>
        <LaunchingApplication Use="True" PathPlusParams="/usr/bin/xterm -T 'Lazarus Run Output' -e $(LazarusDir)/tools/runwait.sh $(TargetCmdLine)"/>
      </local>
    </RunParams>
    <Units Count="9">
      <Unit0>
        <Filename Value="libuild.lpr"/>
        <IsPartOfProject Value="True"/>
        <UnitName Value="libuild"/>
        <CursorPos X="22" Y="28"/>
        <TopLine Value="178"/>
        <EditorIndex Value="0"/>
        <UsageCount Value="23"/>
        <Loaded Value="True"/>
      </Unit0>
      <Unit1>
        <Filename Value="licommon.pas"/>
        <UnitName Value="licommon"/>
        <CursorPos X="72" Y="15"/>
        <TopLine Value="1"/>
        <UsageCount Value="10"/>
      </Unit1>
      <Unit2>
        <Filename Value="ipkbuild.pas"/>
        <UnitName Value="ipkbuild"/>
        <CursorPos X="72" Y="15"/>
        <TopLine Value="1"/>
        <UsageCount Value="11"/>
      </Unit2>
      <Unit3>
        <Filename Value="abbrevia/abzipprc.pas"/>
        <UnitName Value="AbZipPrc"/>
        <CursorPos X="1" Y="1"/>
        <TopLine Value="1"/>
        <UsageCount Value="10"/>
      </Unit3>
      <Unit4>
        <Filename Value="opbitmap/opbitmap.pas"/>
        <UnitName Value="opbitmap"/>
        <CursorPos X="50" Y="2464"/>
        <TopLine Value="2444"/>
        <UsageCount Value="10"/>
      </Unit4>
      <Unit5>
        <Filename Value="ipkdef.pas"/>
        <UnitName Value="ipkdef"/>
        <CursorPos X="10" Y="319"/>
        <TopLine Value="299"/>
        <UsageCount Value="11"/>
      </Unit5>
      <Unit6>
        <Filename Value="litypes.pas"/>
        <UnitName Value="litypes"/>
        <CursorPos X="2" Y="73"/>
        <TopLine Value="37"/>
        <UsageCount Value="10"/>
      </Unit6>
      <Unit7>
        <Filename Value="litranslator.pas"/>
        <UnitName Value="litranslator"/>
        <CursorPos X="72" Y="15"/>
        <TopLine Value="1"/>
        <UsageCount Value="10"/>
      </Unit7>
      <Unit8>
        <Filename Value="trstrings.pas"/>
        <UnitName Value="trstrings"/>
        <CursorPos X="72" Y="15"/>
        <TopLine Value="1"/>
        <UsageCount Value="10"/>
      </Unit8>
    </Units>
    <JumpHistory Count="3" HistoryIndex="2">
      <Position1>
        <Filename Value="libuild.lpr"/>
        <Caret Line="26" Column="28" TopLine="1"/>
      </Position1>
      <Position2>
        <Filename Value="libuild.lpr"/>
        <Caret Line="27" Column="25" TopLine="1"/>
      </Position2>
      <Position3>
        <Filename Value="libuild.lpr"/>
        <Caret Line="28" Column="22" TopLine="1"/>
      </Position3>
    </JumpHistory>
  </ProjectOptions>
  <CompilerOptions>
    <Version Value="8"/>
    <Target>
      <Filename Value="./bin/libuild"/>
    </Target>
    <SearchPaths>
      <IncludeFiles Value="$(ProjOutDir)/"/>
      <OtherUnitFiles Value="abbrevia/;opbitmap/;$(LazarusDir)/lcl/units/$(TargetCPU)-$(TargetOS)/;$(LazarusDir)/components/codetools/units/$(TargetCPU)-$(TargetOS)/;$(LazarusDir)/packager/units/$(TargetCPU)-$(TargetOS)/;$(LazarusDir)/lcl/units/$(TargetCPU)-$(TargetOS)/$(LCLWidgetType)/"/>
      <UnitOutputDirectory Value="bin"/>
      <LCLWidgetType Value="nogui"/>
    </SearchPaths>
    <Other>
      <CustomOptions Value="-dOpbCompat"/>
      <CompilerPath Value="$(CompPath)"/>
    </Other>
  </CompilerOptions>
  <Debugging>
    <Exceptions Count="3">
      <Item1>
        <Name Value="EAbort"/>
      </Item1>
      <Item2>
        <Name Value="ECodetoolError"/>
      </Item2>
      <Item3>
        <Name Value="EFOpenError"/>
      </Item3>
    </Exceptions>
  </Debugging>
</CONFIG>
