<?xml version="1.0"?>
<CONFIG>
  <ProjectOptions>
    <Version Value="7"/>
    <General>
      <MainUnit Value="0"/>
      <TargetFileExt Value=""/>
      <Icon Value="0"/>
      <UseXPManifest Value="True"/>
      <ActiveEditorIndexAtStart Value="0"/>
    </General>
    <VersionInfo>
      <ProjectVersion Value=""/>
    </VersionInfo>
    <PublishOptions>
      <Version Value="2"/>
      <IgnoreBinaries Value="False"/>
      <IncludeFileFilter Value="*.(pas|pp|inc|lfm|lpr|lrs|lpi|lpk|sh|xml)"/>
      <ExcludeFileFilter Value="*.(bak|ppu|ppw|o|so);*~;backup"/>
    </PublishOptions>
    <RunParams>
      <local>
        <FormatVersion Value="1"/>
        <HostApplicationFilename Value="/home/matthias/Development/listaller/trunk/bin/libuild"/>
        <CommandLineParams Value="-b /home/matthias/Desktop/ListallerPacks/Songbird/sb-script.ips /home/matthias/Desktop/ListallerPacks/Songbird/testbuild.ipk"/>
        <LaunchingApplication Use="True" PathPlusParams="/usr/bin/xterm -T 'Lazarus Run Output' -e $(LazarusDir)/tools/runwait.sh $(TargetCmdLine)"/>
      </local>
    </RunParams>
    <Units Count="7">
      <Unit0>
        <Filename Value="libuild.lpr"/>
        <IsPartOfProject Value="True"/>
        <UnitName Value="libuild"/>
        <CursorPos X="87" Y="186"/>
        <TopLine Value="175"/>
        <EditorIndex Value="0"/>
        <UsageCount Value="22"/>
        <Loaded Value="True"/>
      </Unit0>
      <Unit1>
        <Filename Value="licommon.pas"/>
        <UnitName Value="licommon"/>
        <CursorPos X="22" Y="24"/>
        <TopLine Value="4"/>
        <UsageCount Value="10"/>
      </Unit1>
      <Unit2>
        <Filename Value="ipkbuild.pas"/>
        <UnitName Value="ipkbuild"/>
        <CursorPos X="16" Y="466"/>
        <TopLine Value="440"/>
        <EditorIndex Value="1"/>
        <UsageCount Value="11"/>
        <Loaded Value="True"/>
      </Unit2>
      <Unit3>
        <Filename Value="abbrevia/abzipprc.pas"/>
        <UnitName Value="AbZipPrc"/>
        <CursorPos X="1" Y="1"/>
        <TopLine Value="1"/>
        <UsageCount Value="10"/>
      </Unit3>
      <Unit4>
        <Filename Value="opbitmap/opbitmap.pas"/>
        <UnitName Value="opbitmap"/>
        <CursorPos X="50" Y="2464"/>
        <TopLine Value="2444"/>
        <UsageCount Value="10"/>
      </Unit4>
      <Unit5>
        <Filename Value="ipkdef.pas"/>
        <UnitName Value="ipkdef"/>
        <CursorPos X="17" Y="285"/>
        <TopLine Value="263"/>
        <EditorIndex Value="2"/>
        <UsageCount Value="11"/>
        <Loaded Value="True"/>
      </Unit5>
      <Unit6>
        <Filename Value="litypes.pas"/>
        <UnitName Value="litypes"/>
        <CursorPos X="2" Y="73"/>
        <TopLine Value="37"/>
        <UsageCount Value="10"/>
      </Unit6>
    </Units>
    <JumpHistory Count="24" HistoryIndex="23">
      <Position1>
        <Filename Value="ipkbuild.pas"/>
        <Caret Line="421" Column="19" TopLine="407"/>
      </Position1>
      <Position2>
        <Filename Value="ipkbuild.pas"/>
        <Caret Line="450" Column="14" TopLine="428"/>
      </Position2>
      <Position3>
        <Filename Value="ipkdef.pas"/>
        <Caret Line="82" Column="38" TopLine="62"/>
      </Position3>
      <Position4>
        <Filename Value="ipkdef.pas"/>
        <Caret Line="410" Column="16" TopLine="384"/>
      </Position4>
      <Position5>
        <Filename Value="ipkdef.pas"/>
        <Caret Line="31" Column="12" TopLine="11"/>
      </Position5>
      <Position6>
        <Filename Value="ipkbuild.pas"/>
        <Caret Line="466" Column="16" TopLine="440"/>
      </Position6>
      <Position7>
        <Filename Value="ipkdef.pas"/>
        <Caret Line="76" Column="13" TopLine="56"/>
      </Position7>
      <Position8>
        <Filename Value="ipkdef.pas"/>
        <Caret Line="275" Column="30" TopLine="257"/>
      </Position8>
      <Position9>
        <Filename Value="ipkdef.pas"/>
        <Caret Line="33" Column="12" TopLine="13"/>
      </Position9>
      <Position10>
        <Filename Value="ipkdef.pas"/>
        <Caret Line="16" Column="38" TopLine="10"/>
      </Position10>
      <Position11>
        <Filename Value="ipkdef.pas"/>
        <Caret Line="34" Column="23" TopLine="10"/>
      </Position11>
      <Position12>
        <Filename Value="ipkdef.pas"/>
        <Caret Line="147" Column="31" TopLine="127"/>
      </Position12>
      <Position13>
        <Filename Value="ipkdef.pas"/>
        <Caret Line="253" Column="12" TopLine="233"/>
      </Position13>
      <Position14>
        <Filename Value="ipkdef.pas"/>
        <Caret Line="421" Column="12" TopLine="401"/>
      </Position14>
      <Position15>
        <Filename Value="ipkdef.pas"/>
        <Caret Line="487" Column="12" TopLine="467"/>
      </Position15>
      <Position16>
        <Filename Value="ipkdef.pas"/>
        <Caret Line="507" Column="12" TopLine="487"/>
      </Position16>
      <Position17>
        <Filename Value="ipkdef.pas"/>
        <Caret Line="523" Column="12" TopLine="487"/>
      </Position17>
      <Position18>
        <Filename Value="ipkdef.pas"/>
        <Caret Line="573" Column="12" TopLine="553"/>
      </Position18>
      <Position19>
        <Filename Value="ipkdef.pas"/>
        <Caret Line="589" Column="12" TopLine="553"/>
      </Position19>
      <Position20>
        <Filename Value="ipkdef.pas"/>
        <Caret Line="605" Column="12" TopLine="585"/>
      </Position20>
      <Position21>
        <Filename Value="ipkdef.pas"/>
        <Caret Line="621" Column="12" TopLine="585"/>
      </Position21>
      <Position22>
        <Filename Value="ipkdef.pas"/>
        <Caret Line="82" Column="54" TopLine="62"/>
      </Position22>
      <Position23>
        <Filename Value="ipkdef.pas"/>
        <Caret Line="80" Column="32" TopLine="63"/>
      </Position23>
      <Position24>
        <Filename Value="ipkdef.pas"/>
        <Caret Line="81" Column="32" TopLine="63"/>
      </Position24>
    </JumpHistory>
  </ProjectOptions>
  <CompilerOptions>
    <Version Value="8"/>
    <Target>
      <Filename Value="./bin/libuild"/>
    </Target>
    <SearchPaths>
      <IncludeFiles Value="$(ProjOutDir)/"/>
      <OtherUnitFiles Value="abbrevia/;opbitmap/;$(LazarusDir)/lcl/units/$(TargetCPU)-$(TargetOS)/;$(LazarusDir)/components/codetools/units/$(TargetCPU)-$(TargetOS)/;$(LazarusDir)/packager/units/$(TargetCPU)-$(TargetOS)/;$(LazarusDir)/lcl/units/$(TargetCPU)-$(TargetOS)/$(LCLWidgetType)/"/>
      <UnitOutputDirectory Value="bin"/>
      <LCLWidgetType Value="nogui"/>
    </SearchPaths>
    <Other>
      <CustomOptions Value="-dOpbCompat"/>
      <CompilerPath Value="$(CompPath)"/>
    </Other>
  </CompilerOptions>
  <Debugging>
    <Exceptions Count="3">
      <Item1>
        <Name Value="EAbort"/>
      </Item1>
      <Item2>
        <Name Value="ECodetoolError"/>
      </Item2>
      <Item3>
        <Name Value="EFOpenError"/>
      </Item3>
    </Exceptions>
  </Debugging>
</CONFIG>
