<?xml version="1.0"?>
<CONFIG>
  <ProjectOptions>
    <Version Value="7"/>
    <General>
      <Flags>
        <LRSInOutputDirectory Value="False"/>
      </Flags>
      <MainUnit Value="0"/>
      <TargetFileExt Value=""/>
      <Title Value="Updater"/>
      <UseAppBundle Value="False"/>
      <Icon Value="0"/>
      <ActiveEditorIndexAtStart Value="0"/>
    </General>
    <VersionInfo>
      <ProjectVersion Value=""/>
    </VersionInfo>
    <PublishOptions>
      <Version Value="2"/>
      <IgnoreBinaries Value="False"/>
      <IncludeFileFilter Value="*.(pas|pp|inc|lfm|lpr|lrs|lpi|lpk|sh|xml)"/>
      <ExcludeFileFilter Value="*.(bak|ppu|ppw|o|so);*~;backup"/>
    </PublishOptions>
    <RunParams>
      <local>
        <FormatVersion Value="1"/>
        <LaunchingApplication PathPlusParams="/usr/X11R6/bin/xterm -T 'Lazarus Run Output' -e $(LazarusDir)/tools/runwait.sh $(TargetCmdLine)"/>
      </local>
    </RunParams>
    <RequiredPackages Count="1">
      <Item1>
        <PackageName Value="LCL"/>
      </Item1>
    </RequiredPackages>
    <Units Count="27">
      <Unit0>
        <Filename Value="liupdate.lpr"/>
        <IsPartOfProject Value="True"/>
        <UnitName Value="liupdate"/>
        <CursorPos X="72" Y="15"/>
        <TopLine Value="2"/>
        <UsageCount Value="43"/>
      </Unit0>
      <Unit1>
        <Filename Value="mnupdate.pas"/>
        <ComponentName Value="Form1"/>
        <IsPartOfProject Value="True"/>
        <ResourceBaseClass Value="Form"/>
        <UnitName Value="mnupdate"/>
        <CursorPos X="15" Y="125"/>
        <TopLine Value="125"/>
        <EditorIndex Value="0"/>
        <UsageCount Value="43"/>
        <Loaded Value="True"/>
      </Unit1>
      <Unit2>
        <Filename Value="synapse/httpsend.pas"/>
        <IsPartOfProject Value="True"/>
        <UnitName Value="httpsend"/>
        <CursorPos X="1" Y="1"/>
        <TopLine Value="1"/>
        <UsageCount Value="43"/>
      </Unit2>
      <Unit3>
        <Filename Value="updexec.pas"/>
        <ComponentName Value="UExecFm"/>
        <IsPartOfProject Value="True"/>
        <ResourceBaseClass Value="Form"/>
        <UnitName Value="updexec"/>
        <CursorPos X="29" Y="211"/>
        <TopLine Value="166"/>
        <EditorIndex Value="2"/>
        <UsageCount Value="40"/>
        <Loaded Value="True"/>
      </Unit3>
      <Unit4>
        <Filename Value="abunzper.pas"/>
        <UnitName Value="AbUnzper"/>
        <CursorPos X="34" Y="68"/>
        <TopLine Value="47"/>
        <UsageCount Value="14"/>
      </Unit4>
      <Unit5>
        <Filename Value="abzbrows.pas"/>
        <UnitName Value="AbZBrows"/>
        <CursorPos X="1" Y="239"/>
        <TopLine Value="216"/>
        <UsageCount Value="14"/>
      </Unit5>
      <Unit6>
        <Filename Value="abarctyp.pas"/>
        <UnitName Value="AbArcTyp"/>
        <CursorPos X="3" Y="184"/>
        <TopLine Value="511"/>
        <UsageCount Value="10"/>
      </Unit6>
      <Unit7>
        <Filename Value="abunzprc.pas"/>
        <UnitName Value="AbUnzPrc"/>
        <CursorPos X="1" Y="1402"/>
        <TopLine Value="1376"/>
        <UsageCount Value="14"/>
      </Unit7>
      <Unit8>
        <Filename Value="ldunit.pas"/>
        <ComponentName Value="LoadForm"/>
        <IsPartOfProject Value="True"/>
        <ResourceBaseClass Value="Form"/>
        <UnitName Value="ldunit"/>
        <CursorPos X="1" Y="1"/>
        <TopLine Value="1"/>
        <UsageCount Value="31"/>
      </Unit8>
      <Unit9>
        <Filename Value="synapse/synaip.pas"/>
        <UnitName Value="synaip"/>
        <CursorPos X="1" Y="1"/>
        <TopLine Value="1"/>
        <UsageCount Value="10"/>
      </Unit9>
      <Unit10>
        <Filename Value="utilities.pas"/>
        <UnitName Value="utilities"/>
        <CursorPos X="52" Y="198"/>
        <TopLine Value="175"/>
        <EditorIndex Value="3"/>
        <UsageCount Value="11"/>
        <Loaded Value="True"/>
      </Unit10>
      <Unit11>
        <Filename Value="../../../../../usr/share/fpcsrc/packages/extra/gtk2/gtk+/gtk/gtkiconfactory.inc"/>
        <CursorPos X="61" Y="47"/>
        <TopLine Value="26"/>
        <UsageCount Value="10"/>
      </Unit11>
      <Unit12>
        <Filename Value="../../../../../usr/share/fpcsrc/packages/extra/gtk2/gtk+/gtk/gtkimage.inc"/>
        <CursorPos X="4" Y="10"/>
        <TopLine Value="124"/>
        <UsageCount Value="10"/>
      </Unit12>
      <Unit13>
        <Filename Value="distri.pas"/>
        <UnitName Value="distri"/>
        <CursorPos X="10" Y="48"/>
        <TopLine Value="37"/>
        <UsageCount Value="11"/>
      </Unit13>
      <Unit14>
        <Filename Value="trstrings.pas"/>
        <UnitName Value="trstrings"/>
        <CursorPos X="8" Y="189"/>
        <TopLine Value="149"/>
        <EditorIndex Value="1"/>
        <UsageCount Value="13"/>
        <Loaded Value="True"/>
      </Unit14>
      <Unit15>
        <Filename Value="../../../../../usr/share/fpcsrc/packages/extra/gtk2/gtk+/gtk/gtkenums.inc"/>
        <CursorPos X="6" Y="287"/>
        <TopLine Value="264"/>
        <UsageCount Value="11"/>
      </Unit15>
      <Unit16>
        <Filename Value="../../../../../usr/share/fpcsrc/packages/fcl-xml/src/xmlread.pp"/>
        <UnitName Value="XMLRead"/>
        <CursorPos X="1" Y="1"/>
        <TopLine Value="13"/>
        <UsageCount Value="10"/>
      </Unit16>
      <Unit17>
        <Filename Value="../../../../../usr/lib/lazarus/lcl/interfaces/gtk/gtklclintf.inc"/>
        <CursorPos X="28" Y="767"/>
        <TopLine Value="757"/>
        <UsageCount Value="10"/>
      </Unit17>
      <Unit18>
        <Filename Value="../../../../../usr/lib/lazarus/lcl/interfaces/gtk2/gtk2trayicon.inc"/>
        <CursorPos X="1" Y="371"/>
        <TopLine Value="353"/>
        <UsageCount Value="10"/>
      </Unit18>
      <Unit19>
        <Filename Value="../../../../../usr/lib/lazarus/packager/registration/lazaruspackageintf.pas"/>
        <UnitName Value="LazarusPackageIntf"/>
        <CursorPos X="51" Y="10"/>
        <TopLine Value="1"/>
        <UsageCount Value="10"/>
      </Unit19>
      <Unit20>
        <Filename Value="../../../../../usr/lib/lazarus/ide/lazarus.pp"/>
        <UnitName Value="Lazarus"/>
        <CursorPos X="1" Y="122"/>
        <TopLine Value="74"/>
        <UsageCount Value="10"/>
      </Unit20>
      <Unit21>
        <Filename Value="../../../../../usr/lib/lazarus/lcl/graphics.pp"/>
        <UnitName Value="Graphics"/>
        <CursorPos X="59" Y="38"/>
        <TopLine Value="14"/>
        <UsageCount Value="10"/>
      </Unit21>
      <Unit22>
        <Filename Value="../../../../../usr/lib/lazarus/lcl/interfaces/gtk2/interfaces.pas"/>
        <UnitName Value="Interfaces"/>
        <CursorPos X="1" Y="1"/>
        <TopLine Value="1"/>
        <UsageCount Value="10"/>
      </Unit22>
      <Unit23>
        <Filename Value="../../../../../usr/lib/lazarus/components/tachart/taseries.pas"/>
        <UnitName Value="TASeries"/>
        <CursorPos X="7" Y="38"/>
        <TopLine Value="14"/>
        <UsageCount Value="10"/>
      </Unit23>
      <Unit24>
        <Filename Value="../../../../../usr/share/fpcsrc/2.2.2/packages/gtk2/src/gtk+/gtk/gtkenums.inc"/>
        <CursorPos X="6" Y="287"/>
        <TopLine Value="264"/>
        <UsageCount Value="11"/>
      </Unit24>
      <Unit25>
        <Filename Value="../../../../../usr/share/fpcsrc/2.2.2/rtl/objpas/sysutils/sysstrh.inc"/>
        <CursorPos X="28" Y="33"/>
        <TopLine Value="10"/>
        <UsageCount Value="10"/>
      </Unit25>
      <Unit26>
        <Filename Value="../listaller-base.gtk2/unibuild.lpi"/>
        <CursorPos X="1" Y="1"/>
        <TopLine Value="1"/>
        <UsageCount Value="10"/>
        <SyntaxHighlighter Value="XML"/>
      </Unit26>
    </Units>
    <JumpHistory Count="30" HistoryIndex="29">
      <Position1>
        <Filename Value="mnupdate.pas"/>
        <Caret Line="245" Column="69" TopLine="234"/>
      </Position1>
      <Position2>
        <Filename Value="mnupdate.pas"/>
        <Caret Line="246" Column="60" TopLine="234"/>
      </Position2>
      <Position3>
        <Filename Value="updexec.pas"/>
        <Caret Line="71" Column="18" TopLine="51"/>
      </Position3>
      <Position4>
        <Filename Value="updexec.pas"/>
        <Caret Line="139" Column="17" TopLine="108"/>
      </Position4>
      <Position5>
        <Filename Value="updexec.pas"/>
        <Caret Line="131" Column="42" TopLine="109"/>
      </Position5>
      <Position6>
        <Filename Value="updexec.pas"/>
        <Caret Line="68" Column="8" TopLine="55"/>
      </Position6>
      <Position7>
        <Filename Value="updexec.pas"/>
        <Caret Line="139" Column="14" TopLine="122"/>
      </Position7>
      <Position8>
        <Filename Value="updexec.pas"/>
        <Caret Line="195" Column="29" TopLine="83"/>
      </Position8>
      <Position9>
        <Filename Value="updexec.pas"/>
        <Caret Line="26" Column="67" TopLine="18"/>
      </Position9>
      <Position10>
        <Filename Value="utilities.pas"/>
        <Caret Line="161" Column="52" TopLine="157"/>
      </Position10>
      <Position11>
        <Filename Value="updexec.pas"/>
        <Caret Line="92" Column="15" TopLine="57"/>
      </Position11>
      <Position12>
        <Filename Value="updexec.pas"/>
        <Caret Line="126" Column="8" TopLine="104"/>
      </Position12>
      <Position13>
        <Filename Value="updexec.pas"/>
        <Caret Line="127" Column="51" TopLine="93"/>
      </Position13>
      <Position14>
        <Filename Value="utilities.pas"/>
        <Caret Line="198" Column="52" TopLine="175"/>
      </Position14>
      <Position15>
        <Filename Value="mnupdate.pas"/>
        <Caret Line="10" Column="23" TopLine="3"/>
      </Position15>
      <Position16>
        <Filename Value="mnupdate.pas"/>
        <Caret Line="98" Column="14" TopLine="75"/>
      </Position16>
      <Position17>
        <Filename Value="mnupdate.pas"/>
        <Caret Line="109" Column="8" TopLine="86"/>
      </Position17>
      <Position18>
        <Filename Value="mnupdate.pas"/>
        <Caret Line="156" Column="49" TopLine="133"/>
      </Position18>
      <Position19>
        <Filename Value="mnupdate.pas"/>
        <Caret Line="158" Column="10" TopLine="135"/>
      </Position19>
      <Position20>
        <Filename Value="mnupdate.pas"/>
        <Caret Line="163" Column="77" TopLine="137"/>
      </Position20>
      <Position21>
        <Filename Value="updexec.pas"/>
        <Caret Line="147" Column="112" TopLine="119"/>
      </Position21>
      <Position22>
        <Filename Value="mnupdate.pas"/>
        <Caret Line="164" Column="47" TopLine="141"/>
      </Position22>
      <Position23>
        <Filename Value="updexec.pas"/>
        <Caret Line="127" Column="74" TopLine="106"/>
      </Position23>
      <Position24>
        <Filename Value="mnupdate.pas"/>
        <Caret Line="164" Column="85" TopLine="141"/>
      </Position24>
      <Position25>
        <Filename Value="mnupdate.pas"/>
        <Caret Line="281" Column="3" TopLine="262"/>
      </Position25>
      <Position26>
        <Filename Value="trstrings.pas"/>
        <Caret Line="30" Column="8" TopLine="1"/>
      </Position26>
      <Position27>
        <Filename Value="mnupdate.pas"/>
        <Caret Line="262" Column="22" TopLine="235"/>
      </Position27>
      <Position28>
        <Filename Value="mnupdate.pas"/>
        <Caret Line="264" Column="3" TopLine="240"/>
      </Position28>
      <Position29>
        <Filename Value="mnupdate.pas"/>
        <Caret Line="7" Column="102" TopLine="1"/>
      </Position29>
      <Position30>
        <Filename Value="mnupdate.pas"/>
        <Caret Line="66" Column="30" TopLine="44"/>
      </Position30>
    </JumpHistory>
  </ProjectOptions>
  <CompilerOptions>
    <Version Value="8"/>
    <Target>
      <Filename Value="./bin/liupdate"/>
    </Target>
    <SearchPaths>
      <OtherUnitFiles Value="synapse/"/>
      <LCLWidgetType Value="gtk2"/>
    </SearchPaths>
    <Parsing>
      <SyntaxOptions>
        <CStyleOperator Value="False"/>
      </SyntaxOptions>
    </Parsing>
    <Linking>
      <Options>
        <Win32>
          <GraphicApplication Value="True"/>
        </Win32>
      </Options>
    </Linking>
    <Other>
      <CompilerPath Value="$(CompPath)"/>
      <CreateMakefileOnBuild Value="True"/>
    </Other>
  </CompilerOptions>
</CONFIG>
