<?xml version="1.0"?>
<CONFIG>
  <ProjectOptions>
    <PathDelim Value="/"/>
    <Version Value="6"/>
    <General>
      <MainUnit Value="0"/>
      <IconPath Value="./"/>
      <TargetFileExt Value=""/>
      <ActiveEditorIndexAtStart Value="0"/>
    </General>
    <VersionInfo>
      <ProjectVersion Value=""/>
    </VersionInfo>
    <PublishOptions>
      <Version Value="2"/>
      <IgnoreBinaries Value="False"/>
      <IncludeFileFilter Value="*.(pas|pp|inc|lfm|lpr|lrs|lpi|lpk|sh|xml)"/>
      <ExcludeFileFilter Value="*.(bak|ppu|ppw|o|so);*~;backup"/>
    </PublishOptions>
    <RunParams>
      <local>
        <FormatVersion Value="1"/>
        <LaunchingApplication PathPlusParams="/usr/X11R6/bin/xterm -T 'Lazarus Run Output' -e $(LazarusDir)/tools/runwait.sh $(TargetCmdLine)"/>
      </local>
    </RunParams>
    <RequiredPackages Count="3">
      <Item1>
        <PackageName Value="FCL"/>
        <MinVersion Major="1" Valid="True"/>
      </Item1>
      <Item2>
        <PackageName Value="SynEdit"/>
        <MinVersion Major="1" Valid="True"/>
      </Item2>
      <Item3>
        <PackageName Value="LCL"/>
      </Item3>
    </RequiredPackages>
    <Units Count="41">
      <Unit0>
        <Filename Value="lipkgcreator.lpr"/>
        <IsPartOfProject Value="True"/>
        <UnitName Value="LiPkgCreator"/>
        <CursorPos X="18" Y="7"/>
        <TopLine Value="1"/>
        <UsageCount Value="116"/>
      </Unit0>
      <Unit1>
        <Filename Value="editor.pas"/>
        <ComponentName Value="frmEditor"/>
        <IsPartOfProject Value="True"/>
        <ResourceBaseClass Value="Form"/>
        <ResourceFilename Value="editor.lrs"/>
        <UnitName Value="editor"/>
        <CursorPos X="24" Y="689"/>
        <TopLine Value="672"/>
        <EditorIndex Value="0"/>
        <UsageCount Value="116"/>
        <Bookmarks Count="1">
          <Item0 X="4" Y="491" ID="0"/>
        </Bookmarks>
        <Loaded Value="True"/>
      </Unit1>
      <Unit2>
        <Filename Value="../../../../../../usr/share/lazarus/components/synedit/synhighlighterunixshellscript.pas"/>
        <UnitName Value="synhighlighterunixshellscript"/>
        <CursorPos X="41" Y="9"/>
        <TopLine Value="1"/>
        <UsageCount Value="3"/>
      </Unit2>
      <Unit3>
        <Filename Value="fwiz.pas"/>
        <ComponentName Value="frmFileWizard"/>
        <IsPartOfProject Value="True"/>
        <ResourceBaseClass Value="Form"/>
        <ResourceFilename Value="fwiz.lrs"/>
        <UnitName Value="fwiz"/>
        <CursorPos X="32" Y="107"/>
        <TopLine Value="81"/>
        <UsageCount Value="116"/>
      </Unit3>
      <Unit4>
        <Filename Value="../abzipper.pas"/>
        <IsPartOfProject Value="True"/>
        <UnitName Value="AbZipper"/>
        <CursorPos X="52" Y="371"/>
        <TopLine Value="355"/>
        <UsageCount Value="115"/>
      </Unit4>
      <Unit5>
        <Filename Value="../abbase.pas"/>
        <IsPartOfProject Value="True"/>
        <UnitName Value="AbBase"/>
        <CursorPos X="1" Y="1"/>
        <TopLine Value="1"/>
        <UsageCount Value="111"/>
      </Unit5>
      <Unit6>
        <Filename Value="../abarctyp.pas"/>
        <IsPartOfProject Value="True"/>
        <UnitName Value="AbArcTyp"/>
        <CursorPos X="34" Y="1478"/>
        <TopLine Value="1442"/>
        <UsageCount Value="111"/>
      </Unit6>
      <Unit7>
        <Filename Value="../abzipkit.pas"/>
        <IsPartOfProject Value="True"/>
        <UnitName Value="AbZipKit"/>
        <CursorPos X="33" Y="12"/>
        <TopLine Value="1"/>
        <UsageCount Value="111"/>
      </Unit7>
      <Unit8>
        <Filename Value="../../../../../../usr/share/lazarus/lcl/interfaces/gtk/gtkwidgetset.inc"/>
        <CursorPos X="1" Y="1372"/>
        <TopLine Value="1356"/>
        <UsageCount Value="3"/>
      </Unit8>
      <Unit9>
        <Filename Value="../../../../../../usr/share/lazarus/components/synedit/synedittextbuffer.pp"/>
        <UnitName Value="SynEditTextBuffer"/>
        <CursorPos X="1" Y="455"/>
        <TopLine Value="439"/>
        <UsageCount Value="4"/>
      </Unit9>
      <Unit10>
        <Filename Value="uFileMisc.pas"/>
        <UnitName Value="uFileMisc"/>
        <CursorPos X="12" Y="107"/>
        <TopLine Value="101"/>
        <UsageCount Value="3"/>
      </Unit10>
      <Unit11>
        <Filename Value="../../../../../../usr/lib/lazarus/components/synedit/synedittextbuffer.pp"/>
        <UnitName Value="SynEditTextBuffer"/>
        <CursorPos X="20" Y="464"/>
        <TopLine Value="428"/>
        <UsageCount Value="5"/>
      </Unit11>
      <Unit12>
        <Filename Value="../../../../../../usr/lib/lazarus/lcl/fileutil.pas"/>
        <UnitName Value="FileUtil"/>
        <CursorPos X="36" Y="75"/>
        <TopLine Value="1"/>
        <UsageCount Value="5"/>
      </Unit12>
      <Unit13>
        <Filename Value="../variables.pas"/>
        <IsPartOfProject Value="True"/>
        <UnitName Value="variables"/>
        <CursorPos X="4" Y="56"/>
        <TopLine Value="15"/>
        <UsageCount Value="103"/>
      </Unit13>
      <Unit14>
        <Filename Value="../lipa.lpr"/>
        <UnitName Value="lipa"/>
        <CursorPos X="3" Y="94"/>
        <TopLine Value="58"/>
        <UsageCount Value="4"/>
      </Unit14>
      <Unit15>
        <Filename Value="../abbase.o"/>
        <CursorPos X="1" Y="1"/>
        <TopLine Value="1"/>
        <UsageCount Value="3"/>
        <SyntaxHighlighter Value="None"/>
      </Unit15>
      <Unit16>
        <Filename Value="pkgbuild.pas"/>
        <ComponentName Value="BForm"/>
        <IsPartOfProject Value="True"/>
        <ResourceBaseClass Value="Form"/>
        <ResourceFilename Value="pkgbuild.lrs"/>
        <UnitName Value="pkgbuild"/>
        <CursorPos X="2" Y="48"/>
        <TopLine Value="30"/>
        <UsageCount Value="103"/>
      </Unit16>
      <Unit17>
        <Filename Value="prjwizard.pas"/>
        <ComponentName Value="frmProjectWizard"/>
        <IsPartOfProject Value="True"/>
        <ResourceBaseClass Value="Form"/>
        <ResourceFilename Value="prjwizard.lrs"/>
        <UnitName Value="prjwizard"/>
        <CursorPos X="45" Y="366"/>
        <TopLine Value="349"/>
        <UsageCount Value="99"/>
      </Unit17>
      <Unit18>
        <Filename Value="../utilities.pas"/>
        <UnitName Value="utilities"/>
        <CursorPos X="1" Y="1"/>
        <TopLine Value="1"/>
        <UsageCount Value="4"/>
      </Unit18>
      <Unit19>
        <Filename Value="../../../../../../usr/lib/lazarus/lcl/dialogs.pp"/>
        <UnitName Value="Dialogs"/>
        <CursorPos X="12" Y="12"/>
        <TopLine Value="1"/>
        <UsageCount Value="8"/>
      </Unit19>
      <Unit20>
        <Filename Value="../../../../../../usr/share/fpcsrc/packages/fcl-xml/src/xmlwrite.pp"/>
        <UnitName Value="XMLWrite"/>
        <CursorPos X="11" Y="33"/>
        <TopLine Value="1"/>
        <UsageCount Value="3"/>
      </Unit20>
      <Unit21>
        <Filename Value="../../../../../../usr/share/fpcsrc/packages/extra/gtk2/gtk+/gtk/gtkstock.inc"/>
        <CursorPos X="4" Y="76"/>
        <TopLine Value="51"/>
        <UsageCount Value="4"/>
      </Unit21>
      <Unit22>
        <Filename Value="../../../../../../usr/share/fpcsrc/packages/extra/gtk2/gtk+/gtk/gtkenums.inc"/>
        <CursorPos X="33" Y="286"/>
        <TopLine Value="265"/>
        <UsageCount Value="4"/>
      </Unit22>
      <Unit23>
        <Filename Value="../distri.pas"/>
        <UnitName Value="distri"/>
        <CursorPos X="22" Y="136"/>
        <TopLine Value="128"/>
        <UsageCount Value="4"/>
      </Unit23>
      <Unit24>
        <Filename Value="editor.lfm"/>
        <CursorPos X="27" Y="898"/>
        <TopLine Value="882"/>
        <UsageCount Value="10"/>
        <SyntaxHighlighter Value="LFM"/>
      </Unit24>
      <Unit25>
        <Filename Value="prjwizard.lfm"/>
        <CursorPos X="1" Y="1"/>
        <TopLine Value="1"/>
        <UsageCount Value="4"/>
        <SyntaxHighlighter Value="LFM"/>
      </Unit25>
      <Unit26>
        <Filename Value="../../../../../../usr/lib/lazarus/lcl/include/control.inc"/>
        <CursorPos X="1" Y="2095"/>
        <TopLine Value="2078"/>
        <UsageCount Value="10"/>
      </Unit26>
      <Unit27>
        <Filename Value="../../../../../../usr/lib/lazarus/lcl/include/customform.inc"/>
        <CursorPos X="1" Y="436"/>
        <TopLine Value="416"/>
        <UsageCount Value="4"/>
      </Unit27>
      <Unit28>
        <Filename Value="../../../../../../usr/lib/lazarus/lcl/include/customlabel.inc"/>
        <CursorPos X="1" Y="112"/>
        <TopLine Value="92"/>
        <UsageCount Value="4"/>
      </Unit28>
      <Unit29>
        <Filename Value="../../../../../../usr/lib/lazarus/lcl/include/buttoncontrol.inc"/>
        <CursorPos X="1" Y="58"/>
        <TopLine Value="37"/>
        <UsageCount Value="4"/>
      </Unit29>
      <Unit30>
        <Filename Value="../../../../../../usr/lib/lazarus/lcl/include/buttons.inc"/>
        <CursorPos X="1" Y="241"/>
        <TopLine Value="221"/>
        <UsageCount Value="4"/>
      </Unit30>
      <Unit31>
        <Filename Value="../../../../../../usr/share/fpcsrc/2.2.2/packages/fcl-xml/src/dom.pp"/>
        <UnitName Value="DOM"/>
        <CursorPos X="3" Y="458"/>
        <TopLine Value="440"/>
        <UsageCount Value="4"/>
      </Unit31>
      <Unit32>
        <Filename Value="../../../../../../usr/share/fpcsrc/2.2.2/packages/fcl-xml/src/xmlwrite.pp"/>
        <UnitName Value="XMLWrite"/>
        <CursorPos X="11" Y="27"/>
        <TopLine Value="9"/>
        <UsageCount Value="4"/>
      </Unit32>
      <Unit33>
        <Filename Value="../../../../../../usr/lib/lazarus/lcl/include/customnotebook.inc"/>
        <CursorPos X="1" Y="364"/>
        <TopLine Value="347"/>
        <UsageCount Value="8"/>
      </Unit33>
      <Unit34>
        <Filename Value="editor.lrs"/>
        <CursorPos X="1" Y="1"/>
        <TopLine Value="216"/>
        <UsageCount Value="5"/>
      </Unit34>
      <Unit35>
        <Filename Value="../../../../../../usr/lib/lazarus/lcl/lclproc.pas"/>
        <UnitName Value="LCLProc"/>
        <CursorPos X="1" Y="1493"/>
        <TopLine Value="1475"/>
        <UsageCount Value="6"/>
      </Unit35>
      <Unit36>
        <Filename Value="../abunzprc.pas"/>
        <UnitName Value="AbUnzPrc"/>
        <CursorPos X="29" Y="49"/>
        <TopLine Value="49"/>
        <UsageCount Value="6"/>
      </Unit36>
      <Unit37>
        <Filename Value="../abzbrows.pas"/>
        <UnitName Value="AbZBrows"/>
        <CursorPos X="3" Y="41"/>
        <TopLine Value="34"/>
        <UsageCount Value="7"/>
      </Unit37>
      <Unit38>
        <Filename Value="../../../../../../usr/lib/lazarus/lcl/include/menuitem.inc"/>
        <CursorPos X="1" Y="74"/>
        <TopLine Value="57"/>
        <UsageCount Value="8"/>
      </Unit38>
      <Unit39>
        <Filename Value="../../../../../../usr/lib/lazarus/components/synedit/synedit.pp"/>
        <UnitName Value="SynEdit"/>
        <CursorPos X="3" Y="996"/>
        <TopLine Value="979"/>
        <UsageCount Value="9"/>
      </Unit39>
      <Unit40>
        <Filename Value="../../../../../../usr/lib/lazarus/lcl/interfaces/gtk/gtkwsbuttons.pp"/>
        <UnitName Value="GtkWSButtons"/>
        <CursorPos X="1" Y="108"/>
        <TopLine Value="91"/>
        <UsageCount Value="10"/>
      </Unit40>
    </Units>
    <JumpHistory Count="17" HistoryIndex="16">
      <Position1>
        <Filename Value="editor.pas"/>
        <Caret Line="49" Column="37" TopLine="37"/>
      </Position1>
      <Position2>
        <Filename Value="editor.pas"/>
        <Caret Line="89" Column="19" TopLine="72"/>
      </Position2>
      <Position3>
        <Filename Value="editor.pas"/>
        <Caret Line="123" Column="29" TopLine="106"/>
      </Position3>
      <Position4>
        <Filename Value="editor.pas"/>
        <Caret Line="636" Column="65" TopLine="615"/>
      </Position4>
      <Position5>
        <Filename Value="editor.pas"/>
        <Caret Line="631" Column="43" TopLine="614"/>
      </Position5>
      <Position6>
        <Filename Value="editor.pas"/>
        <Caret Line="635" Column="21" TopLine="618"/>
      </Position6>
      <Position7>
        <Filename Value="editor.pas"/>
        <Caret Line="636" Column="54" TopLine="619"/>
      </Position7>
      <Position8>
        <Filename Value="editor.pas"/>
        <Caret Line="637" Column="45" TopLine="619"/>
      </Position8>
      <Position9>
        <Filename Value="editor.pas"/>
        <Caret Line="314" Column="22" TopLine="311"/>
      </Position9>
      <Position10>
        <Filename Value="editor.pas"/>
        <Caret Line="585" Column="3" TopLine="583"/>
      </Position10>
      <Position11>
        <Filename Value="editor.pas"/>
        <Caret Line="168" Column="38" TopLine="149"/>
      </Position11>
      <Position12>
        <Filename Value="editor.pas"/>
        <Caret Line="171" Column="24" TopLine="151"/>
      </Position12>
      <Position13>
        <Filename Value="editor.pas"/>
        <Caret Line="69" Column="28" TopLine="69"/>
      </Position13>
      <Position14>
        <Filename Value="editor.pas"/>
        <Caret Line="250" Column="34" TopLine="237"/>
      </Position14>
      <Position15>
        <Filename Value="editor.pas"/>
        <Caret Line="278" Column="17" TopLine="253"/>
      </Position15>
      <Position16>
        <Filename Value="editor.pas"/>
        <Caret Line="250" Column="41" TopLine="233"/>
      </Position16>
      <Position17>
        <Filename Value="editor.pas"/>
        <Caret Line="287" Column="29" TopLine="270"/>
      </Position17>
    </JumpHistory>
  </ProjectOptions>
  <CompilerOptions>
    <Version Value="8"/>
    <Target>
      <Filename Value="../bin/licreator"/>
    </Target>
    <SearchPaths>
      <OtherUnitFiles Value="../;$(LazarusDir)/lcl/units/$(TargetCPU)-$(TargetOS)/;$(LazarusDir)/components/synedit/"/>
      <LCLWidgetType Value="gtk2"/>
    </SearchPaths>
    <Parsing>
      <SyntaxOptions>
        <CStyleOperator Value="False"/>
      </SyntaxOptions>
    </Parsing>
    <CodeGeneration>
      <SmartLinkUnit Value="True"/>
    </CodeGeneration>
    <Linking>
      <LinkSmart Value="True"/>
      <Options>
        <Win32>
          <GraphicApplication Value="True"/>
        </Win32>
      </Options>
    </Linking>
    <Other>
      <CompilerPath Value="$(CompPath)"/>
    </Other>
  </CompilerOptions>
  <Debugging>
    <BreakPoints Count="2">
      <Item1>
        <Source Value="lipkgcreator.lpr"/>
        <Line Value="15"/>
      </Item1>
      <Item2>
        <Source Value="prjwizard.pas"/>
        <Line Value="801"/>
      </Item2>
    </BreakPoints>
  </Debugging>
</CONFIG>
