<?xml version="1.0"?>
<CONFIG>
  <ProjectOptions>
    <Version Value="7"/>
    <General>
      <MainUnit Value="0"/>
      <TargetFileExt Value=""/>
      <UseXPManifest Value="True"/>
      <ActiveEditorIndexAtStart Value="0"/>
    </General>
    <VersionInfo>
      <UseVersionInfo Value="True"/>
      <AutoIncrementBuild Value="True"/>
      <CurrentMajorRevNr Value="4"/>
      <CurrentBuildNr Value="367"/>
      <ProjectVersion Value="0.4.0.0"/>
    </VersionInfo>
    <PublishOptions>
      <Version Value="2"/>
      <IgnoreBinaries Value="False"/>
      <IncludeFileFilter Value="*.(pas|pp|inc|lfm|lpr|lrs|lpi|lpk|sh|xml)"/>
      <ExcludeFileFilter Value="*.(bak|ppu|ppw|o|so);*~;backup"/>
    </PublishOptions>
    <RunParams>
      <local>
        <FormatVersion Value="1"/>
        <LaunchingApplication PathPlusParams="/usr/X11R6/bin/xterm -T 'Lazarus Run Output' -e $(LazarusDir)/tools/runwait.sh $(TargetCmdLine)"/>
      </local>
    </RunParams>
    <Units Count="11">
      <Unit0>
        <Filename Value="libinstaller.lpr"/>
        <IsPartOfProject Value="True"/>
        <UnitName Value="libinstaller"/>
        <CursorPos X="1" Y="348"/>
        <TopLine Value="309"/>
        <EditorIndex Value="0"/>
        <UsageCount Value="33"/>
        <Loaded Value="True"/>
      </Unit0>
      <Unit1>
        <Filename Value="ipkhandle.pas"/>
        <UnitName Value="ipkhandle"/>
        <CursorPos X="39" Y="27"/>
        <TopLine Value="1"/>
        <EditorIndex Value="1"/>
        <UsageCount Value="16"/>
        <Loaded Value="True"/>
      </Unit1>
      <Unit2>
        <Filename Value="../licommon.pas"/>
        <UnitName Value="licommon"/>
        <CursorPos X="1" Y="38"/>
        <TopLine Value="1"/>
        <UsageCount Value="10"/>
      </Unit2>
      <Unit3>
        <Filename Value="../ipkhandle.pas"/>
        <UnitName Value="ipkhandle"/>
        <CursorPos X="44" Y="1048"/>
        <TopLine Value="1030"/>
        <UsageCount Value="9"/>
      </Unit3>
      <Unit4>
        <Filename Value="../distri.pas"/>
        <UnitName Value="distri"/>
        <CursorPos X="1" Y="1"/>
        <TopLine Value="1"/>
        <UsageCount Value="10"/>
      </Unit4>
      <Unit5>
        <Filename Value="../packagekit.pas"/>
        <UnitName Value="packagekit"/>
        <CursorPos X="4" Y="203"/>
        <TopLine Value="175"/>
        <UsageCount Value="9"/>
      </Unit5>
      <Unit6>
        <Filename Value="../header/installer.pas"/>
        <UnitName Value="installer"/>
        <CursorPos X="79" Y="76"/>
        <TopLine Value="61"/>
        <UsageCount Value="14"/>
      </Unit6>
      <Unit7>
        <Filename Value="../bindings/installer.pas"/>
        <UnitName Value="installer"/>
        <CursorPos X="59" Y="38"/>
        <TopLine Value="218"/>
        <UsageCount Value="11"/>
      </Unit7>
      <Unit8>
        <Filename Value="../bindings/packagekit.pas"/>
        <UnitName Value="packagekit"/>
        <CursorPos X="15" Y="379"/>
        <TopLine Value="351"/>
        <EditorIndex Value="2"/>
        <UsageCount Value="10"/>
        <Loaded Value="True"/>
      </Unit8>
      <Unit9>
        <Filename Value="../bindings/pkitclient.pas"/>
        <UnitName Value="pkitclient"/>
        <CursorPos X="1" Y="145"/>
        <TopLine Value="102"/>
        <UsageCount Value="10"/>
      </Unit9>
      <Unit10>
        <Filename Value="../../../../../../usr/share/fpcsrc/2.2.4/packages/gtk2/src/glib/glib2.pas"/>
        <UnitName Value="glib2"/>
        <CursorPos X="54" Y="1521"/>
        <TopLine Value="1486"/>
        <UsageCount Value="10"/>
      </Unit10>
    </Units>
    <JumpHistory Count="30" HistoryIndex="29">
      <Position1>
        <Filename Value="ipkhandle.pas"/>
        <Caret Line="349" Column="15" TopLine="323"/>
      </Position1>
      <Position2>
        <Filename Value="ipkhandle.pas"/>
        <Caret Line="361" Column="16" TopLine="323"/>
      </Position2>
      <Position3>
        <Filename Value="ipkhandle.pas"/>
        <Caret Line="366" Column="36" TopLine="346"/>
      </Position3>
      <Position4>
        <Filename Value="ipkhandle.pas"/>
        <Caret Line="384" Column="16" TopLine="346"/>
      </Position4>
      <Position5>
        <Filename Value="ipkhandle.pas"/>
        <Caret Line="393" Column="15" TopLine="373"/>
      </Position5>
      <Position6>
        <Filename Value="ipkhandle.pas"/>
        <Caret Line="887" Column="11" TopLine="867"/>
      </Position6>
      <Position7>
        <Filename Value="ipkhandle.pas"/>
        <Caret Line="1074" Column="15" TopLine="1054"/>
      </Position7>
      <Position8>
        <Filename Value="ipkhandle.pas"/>
        <Caret Line="1086" Column="15" TopLine="1054"/>
      </Position8>
      <Position9>
        <Filename Value="ipkhandle.pas"/>
        <Caret Line="1099" Column="35" TopLine="1079"/>
      </Position9>
      <Position10>
        <Filename Value="ipkhandle.pas"/>
        <Caret Line="1121" Column="15" TopLine="1101"/>
      </Position10>
      <Position11>
        <Filename Value="ipkhandle.pas"/>
        <Caret Line="1239" Column="11" TopLine="1219"/>
      </Position11>
      <Position12>
        <Filename Value="ipkhandle.pas"/>
        <Caret Line="1285" Column="11" TopLine="1265"/>
      </Position12>
      <Position13>
        <Filename Value="ipkhandle.pas"/>
        <Caret Line="1330" Column="11" TopLine="1310"/>
      </Position13>
      <Position14>
        <Filename Value="ipkhandle.pas"/>
        <Caret Line="1369" Column="11" TopLine="1349"/>
      </Position14>
      <Position15>
        <Filename Value="ipkhandle.pas"/>
        <Caret Line="1380" Column="11" TopLine="1349"/>
      </Position15>
      <Position16>
        <Filename Value="ipkhandle.pas"/>
        <Caret Line="1410" Column="97" TopLine="1390"/>
      </Position16>
      <Position17>
        <Filename Value="ipkhandle.pas"/>
        <Caret Line="1424" Column="96" TopLine="1390"/>
      </Position17>
      <Position18>
        <Filename Value="ipkhandle.pas"/>
        <Caret Line="181" Column="28" TopLine="169"/>
      </Position18>
      <Position19>
        <Filename Value="ipkhandle.pas"/>
        <Caret Line="190" Column="36" TopLine="169"/>
      </Position19>
      <Position20>
        <Filename Value="ipkhandle.pas"/>
        <Caret Line="911" Column="12" TopLine="891"/>
      </Position20>
      <Position21>
        <Filename Value="ipkhandle.pas"/>
        <Caret Line="933" Column="42" TopLine="913"/>
      </Position21>
      <Position22>
        <Filename Value="ipkhandle.pas"/>
        <Caret Line="5" Column="83" TopLine="1"/>
      </Position22>
      <Position23>
        <Filename Value="ipkhandle.pas"/>
        <Caret Line="87" Column="24" TopLine="67"/>
      </Position23>
      <Position24>
        <Filename Value="../bindings/packagekit.pas"/>
        <Caret Line="24" Column="41" TopLine="1"/>
      </Position24>
      <Position25>
        <Filename Value="../bindings/packagekit.pas"/>
        <Caret Line="372" Column="10" TopLine="350"/>
      </Position25>
      <Position26>
        <Filename Value="../bindings/packagekit.pas"/>
        <Caret Line="373" Column="22" TopLine="351"/>
      </Position26>
      <Position27>
        <Filename Value="../bindings/packagekit.pas"/>
        <Caret Line="377" Column="19" TopLine="351"/>
      </Position27>
      <Position28>
        <Filename Value="ipkhandle.pas"/>
        <Caret Line="193" Column="15" TopLine="1"/>
      </Position28>
      <Position29>
        <Filename Value="libinstaller.lpr"/>
        <Caret Line="109" Column="86" TopLine="1"/>
      </Position29>
      <Position30>
        <Filename Value="libinstaller.lpr"/>
        <Caret Line="342" Column="4" TopLine="309"/>
      </Position30>
    </JumpHistory>
  </ProjectOptions>
  <CompilerOptions>
    <Version Value="8"/>
    <Target>
      <Filename Value="../bin/libinstaller.so.0.4"/>
    </Target>
    <SearchPaths>
      <IncludeFiles Value="$(ProjOutDir)/"/>
      <OtherUnitFiles Value="../;../abbrevia/;../synapse/;../bindings/;$(LazarusDir)/lcl/units/$(TargetCPU)-$(TargetOS)/;$(LazarusDir)/lcl/units/$(TargetCPU)-$(TargetOS)/nogui/"/>
      <LCLWidgetType Value="nogui"/>
    </SearchPaths>
    <Linking>
      <Options>
        <ExecutableType Value="Library"/>
      </Options>
    </Linking>
    <Other>
      <CustomOptions Value="-fPIC"/>
      <CompilerPath Value="$(CompPath)"/>
    </Other>
  </CompilerOptions>
  <Debugging>
    <Exceptions Count="3">
      <Item1>
        <Name Value="EAbort"/>
      </Item1>
      <Item2>
        <Name Value="ECodetoolError"/>
      </Item2>
      <Item3>
        <Name Value="EFOpenError"/>
      </Item3>
    </Exceptions>
  </Debugging>
</CONFIG>
