<?xml version="1.0"?>
<CONFIG>
  <ProjectOptions>
    <Version Value="7"/>
    <General>
      <MainUnit Value="0"/>
      <TargetFileExt Value=""/>
      <UseXPManifest Value="True"/>
      <ActiveEditorIndexAtStart Value="0"/>
    </General>
    <VersionInfo>
      <UseVersionInfo Value="True"/>
      <AutoIncrementBuild Value="True"/>
      <CurrentMajorRevNr Value="4"/>
      <CurrentBuildNr Value="447"/>
      <ProjectVersion Value="0.4.0.0"/>
    </VersionInfo>
    <PublishOptions>
      <Version Value="2"/>
      <IgnoreBinaries Value="False"/>
      <IncludeFileFilter Value="*.(pas|pp|inc|lfm|lpr|lrs|lpi|lpk|sh|xml)"/>
      <ExcludeFileFilter Value="*.(bak|ppu|ppw|o|so);*~;backup"/>
    </PublishOptions>
    <RunParams>
      <local>
        <FormatVersion Value="1"/>
        <LaunchingApplication PathPlusParams="/usr/X11R6/bin/xterm -T 'Lazarus Run Output' -e $(LazarusDir)/tools/runwait.sh $(TargetCmdLine)"/>
      </local>
    </RunParams>
    <Units Count="12">
      <Unit0>
        <Filename Value="libinstaller.lpr"/>
        <IsPartOfProject Value="True"/>
        <UnitName Value="libinstaller"/>
        <CursorPos X="1" Y="348"/>
        <TopLine Value="305"/>
        <EditorIndex Value="0"/>
        <UsageCount Value="34"/>
        <Loaded Value="True"/>
      </Unit0>
      <Unit1>
        <Filename Value="ipkhandle.pas"/>
        <UnitName Value="ipkhandle"/>
        <CursorPos X="14" Y="1100"/>
        <TopLine Value="1093"/>
        <EditorIndex Value="1"/>
        <UsageCount Value="16"/>
        <Loaded Value="True"/>
      </Unit1>
      <Unit2>
        <Filename Value="../licommon.pas"/>
        <UnitName Value="licommon"/>
        <CursorPos X="1" Y="38"/>
        <TopLine Value="1"/>
        <UsageCount Value="10"/>
      </Unit2>
      <Unit3>
        <Filename Value="../ipkhandle.pas"/>
        <UnitName Value="ipkhandle"/>
        <CursorPos X="44" Y="1048"/>
        <TopLine Value="1030"/>
        <UsageCount Value="9"/>
      </Unit3>
      <Unit4>
        <Filename Value="../distri.pas"/>
        <UnitName Value="distri"/>
        <CursorPos X="1" Y="27"/>
        <TopLine Value="7"/>
        <UsageCount Value="10"/>
      </Unit4>
      <Unit5>
        <Filename Value="../packagekit.pas"/>
        <UnitName Value="packagekit"/>
        <CursorPos X="4" Y="203"/>
        <TopLine Value="175"/>
        <UsageCount Value="9"/>
      </Unit5>
      <Unit6>
        <Filename Value="../header/installer.pas"/>
        <UnitName Value="installer"/>
        <CursorPos X="79" Y="76"/>
        <TopLine Value="61"/>
        <UsageCount Value="14"/>
      </Unit6>
      <Unit7>
        <Filename Value="../bindings/installer.pas"/>
        <UnitName Value="installer"/>
        <CursorPos X="89" Y="99"/>
        <TopLine Value="74"/>
        <UsageCount Value="11"/>
      </Unit7>
      <Unit8>
        <Filename Value="../bindings/packagekit.pas"/>
        <UnitName Value="packagekit"/>
        <CursorPos X="33" Y="226"/>
        <TopLine Value="201"/>
        <UsageCount Value="10"/>
      </Unit8>
      <Unit9>
        <Filename Value="../bindings/pkitclient.pas"/>
        <UnitName Value="pkitclient"/>
        <CursorPos X="1" Y="145"/>
        <TopLine Value="102"/>
        <UsageCount Value="10"/>
      </Unit9>
      <Unit10>
        <Filename Value="../../../../../../usr/share/fpcsrc/2.2.4/packages/gtk2/src/glib/glib2.pas"/>
        <UnitName Value="glib2"/>
        <CursorPos X="54" Y="1521"/>
        <TopLine Value="1486"/>
        <UsageCount Value="10"/>
      </Unit10>
      <Unit11>
        <Filename Value="../litypes.pas"/>
        <UnitName Value="litypes"/>
        <CursorPos X="1" Y="1"/>
        <TopLine Value="38"/>
        <UsageCount Value="10"/>
      </Unit11>
    </Units>
    <JumpHistory Count="19" HistoryIndex="18">
      <Position1>
        <Filename Value="libinstaller.lpr"/>
        <Caret Line="22" Column="17" TopLine="1"/>
      </Position1>
      <Position2>
        <Filename Value="ipkhandle.pas"/>
        <Caret Line="78" Column="45" TopLine="61"/>
      </Position2>
      <Position3>
        <Filename Value="ipkhandle.pas"/>
        <Caret Line="24" Column="66" TopLine="1"/>
      </Position3>
      <Position4>
        <Filename Value="ipkhandle.pas"/>
        <Caret Line="11" Column="48" TopLine="1"/>
      </Position4>
      <Position5>
        <Filename Value="ipkhandle.pas"/>
        <Caret Line="1100" Column="14" TopLine="1074"/>
      </Position5>
      <Position6>
        <Filename Value="ipkhandle.pas"/>
        <Caret Line="1109" Column="19" TopLine="1098"/>
      </Position6>
      <Position7>
        <Filename Value="ipkhandle.pas"/>
        <Caret Line="1109" Column="19" TopLine="1098"/>
      </Position7>
      <Position8>
        <Filename Value="ipkhandle.pas"/>
        <Caret Line="671" Column="53" TopLine="651"/>
      </Position8>
      <Position9>
        <Filename Value="ipkhandle.pas"/>
        <Caret Line="778" Column="49" TopLine="758"/>
      </Position9>
      <Position10>
        <Filename Value="ipkhandle.pas"/>
        <Caret Line="956" Column="106" TopLine="936"/>
      </Position10>
      <Position11>
        <Filename Value="libinstaller.lpr"/>
        <Caret Line="22" Column="17" TopLine="1"/>
      </Position11>
      <Position12>
        <Filename Value="libinstaller.lpr"/>
        <Caret Line="348" Column="1" TopLine="309"/>
      </Position12>
      <Position13>
        <Filename Value="ipkhandle.pas"/>
        <Caret Line="1103" Column="28" TopLine="1081"/>
      </Position13>
      <Position14>
        <Filename Value="libinstaller.lpr"/>
        <Caret Line="348" Column="1" TopLine="81"/>
      </Position14>
      <Position15>
        <Filename Value="libinstaller.lpr"/>
        <Caret Line="348" Column="1" TopLine="309"/>
      </Position15>
      <Position16>
        <Filename Value="ipkhandle.pas"/>
        <Caret Line="1100" Column="14" TopLine="1093"/>
      </Position16>
      <Position17>
        <Filename Value="ipkhandle.pas"/>
        <Caret Line="1108" Column="18" TopLine="1093"/>
      </Position17>
      <Position18>
        <Filename Value="ipkhandle.pas"/>
        <Caret Line="1100" Column="15" TopLine="1093"/>
      </Position18>
      <Position19>
        <Filename Value="ipkhandle.pas"/>
        <Caret Line="1100" Column="14" TopLine="1093"/>
      </Position19>
    </JumpHistory>
  </ProjectOptions>
  <CompilerOptions>
    <Version Value="8"/>
    <Target>
      <Filename Value="../bin/libinstaller.so.0.4"/>
    </Target>
    <SearchPaths>
      <IncludeFiles Value="$(ProjOutDir)/"/>
      <OtherUnitFiles Value="../;../abbrevia/;../synapse/;../bindings/;$(LazarusDir)/lcl/units/$(TargetCPU)-$(TargetOS)/;$(LazarusDir)/lcl/units/$(TargetCPU)-$(TargetOS)/nogui/"/>
      <LCLWidgetType Value="nogui"/>
    </SearchPaths>
    <Linking>
      <Options>
        <ExecutableType Value="Library"/>
      </Options>
    </Linking>
    <Other>
      <CustomOptions Value="-fPIC"/>
      <CompilerPath Value="$(CompPath)"/>
    </Other>
  </CompilerOptions>
  <Debugging>
    <Exceptions Count="3">
      <Item1>
        <Name Value="EAbort"/>
      </Item1>
      <Item2>
        <Name Value="ECodetoolError"/>
      </Item2>
      <Item3>
        <Name Value="EFOpenError"/>
      </Item3>
    </Exceptions>
  </Debugging>
</CONFIG>
