<?xml version="1.0"?>
<CONFIG>
  <ProjectOptions>
    <Version Value="7"/>
    <General>
      <MainUnit Value="0"/>
      <TargetFileExt Value=""/>
      <Icon Value="0"/>
      <UseXPManifest Value="True"/>
      <ActiveEditorIndexAtStart Value="0"/>
    </General>
    <VersionInfo>
      <ProjectVersion Value=""/>
    </VersionInfo>
    <PublishOptions>
      <Version Value="2"/>
      <IgnoreBinaries Value="False"/>
      <IncludeFileFilter Value="*.(pas|pp|inc|lfm|lpr|lrs|lpi|lpk|sh|xml)"/>
      <ExcludeFileFilter Value="*.(bak|ppu|ppw|o|so);*~;backup"/>
    </PublishOptions>
    <RunParams>
      <local>
        <FormatVersion Value="1"/>
        <LaunchingApplication Use="True" PathPlusParams="/usr/bin/xterm -T 'Lazarus Run Output' -e $(LazarusDir)/tools/runwait.sh $(TargetCmdLine)"/>
      </local>
    </RunParams>
    <Units Count="29">
      <Unit0>
        <Filename Value="libuild.lpr"/>
        <IsPartOfProject Value="True"/>
        <UnitName Value="libuild"/>
        <CursorPos X="3" Y="49"/>
        <TopLine Value="28"/>
        <EditorIndex Value="0"/>
        <UsageCount Value="29"/>
        <Loaded Value="True"/>
      </Unit0>
      <Unit1>
        <Filename Value="licommon.pas"/>
        <UnitName Value="licommon"/>
        <CursorPos X="69" Y="16"/>
        <TopLine Value="1"/>
        <UsageCount Value="10"/>
      </Unit1>
      <Unit2>
        <Filename Value="ipkbuild.pas"/>
        <UnitName Value="ipkbuild"/>
        <CursorPos X="3" Y="239"/>
        <TopLine Value="218"/>
        <EditorIndex Value="1"/>
        <UsageCount Value="11"/>
        <Loaded Value="True"/>
      </Unit2>
      <Unit3>
        <Filename Value="abbrevia/abzipprc.pas"/>
        <UnitName Value="AbZipPrc"/>
        <CursorPos X="1" Y="1"/>
        <TopLine Value="1"/>
        <UsageCount Value="10"/>
      </Unit3>
      <Unit4>
        <Filename Value="opbitmap/opbitmap.pas"/>
        <UnitName Value="opbitmap"/>
        <CursorPos X="50" Y="2464"/>
        <TopLine Value="2444"/>
        <UsageCount Value="10"/>
      </Unit4>
      <Unit5>
        <Filename Value="ipkdef.pas"/>
        <UnitName Value="ipkdef"/>
        <CursorPos X="1" Y="1"/>
        <TopLine Value="1"/>
        <UsageCount Value="11"/>
      </Unit5>
      <Unit6>
        <Filename Value="litypes.pas"/>
        <UnitName Value="litypes"/>
        <CursorPos X="2" Y="73"/>
        <TopLine Value="37"/>
        <UsageCount Value="10"/>
      </Unit6>
      <Unit7>
        <Filename Value="litranslator.pas"/>
        <UnitName Value="litranslator"/>
        <CursorPos X="72" Y="15"/>
        <TopLine Value="1"/>
        <UsageCount Value="10"/>
      </Unit7>
      <Unit8>
        <Filename Value="trstrings.pas"/>
        <UnitName Value="trstrings"/>
        <CursorPos X="72" Y="15"/>
        <TopLine Value="1"/>
        <UsageCount Value="10"/>
      </Unit8>
      <Unit9>
        <Filename Value="unibuild.lpr"/>
        <UnitName Value="unibuild"/>
        <CursorPos X="20" Y="54"/>
        <TopLine Value="1"/>
        <UsageCount Value="10"/>
      </Unit9>
      <Unit10>
        <Filename Value="unibuild.pas"/>
        <IsPartOfProject Value="True"/>
        <UnitName Value="unibuild"/>
        <CursorPos X="5" Y="42"/>
        <TopLine Value="21"/>
        <UsageCount Value="26"/>
      </Unit10>
      <Unit11>
        <Filename Value="../packager/ipkpackage.pas"/>
        <IsPartOfProject Value="True"/>
        <UnitName Value="ipkpackage"/>
        <CursorPos X="9" Y="459"/>
        <TopLine Value="435"/>
        <UsageCount Value="25"/>
      </Unit11>
      <Unit12>
        <Filename Value="../packager/libtar.pas"/>
        <UnitName Value="libtar"/>
        <CursorPos X="1" Y="480"/>
        <TopLine Value="169"/>
        <UsageCount Value="10"/>
      </Unit12>
      <Unit13>
        <Filename Value="libasic.pas"/>
        <UnitName Value="libasic"/>
        <CursorPos X="6" Y="30"/>
        <TopLine Value="1"/>
        <UsageCount Value="10"/>
      </Unit13>
      <Unit14>
        <Filename Value="../../../../../../usr/share/fpcsrc/2.2.4/rtl/linux/ostypes.inc"/>
        <CursorPos X="3" Y="164"/>
        <TopLine Value="143"/>
        <UsageCount Value="10"/>
      </Unit14>
      <Unit15>
        <Filename Value="../../../../../../usr/lib/lazarus/0.9.28.2/lcl/interfaces/nogui/interfaces.pp"/>
        <UnitName Value="Interfaces"/>
        <CursorPos X="3" Y="27"/>
        <TopLine Value="1"/>
        <UsageCount Value="10"/>
      </Unit15>
      <Unit16>
        <Filename Value="../packager/gpgsign.pas"/>
        <UnitName Value="gpgsign"/>
        <CursorPos X="1" Y="1"/>
        <TopLine Value="37"/>
        <UsageCount Value="10"/>
      </Unit16>
      <Unit17>
        <Filename Value="../opbitmap/opbitmapformats.pas"/>
        <UnitName Value="opbitmapformats"/>
        <CursorPos X="3" Y="99"/>
        <TopLine Value="1"/>
        <UsageCount Value="10"/>
      </Unit17>
      <Unit18>
        <Filename Value="../../../../../../usr/share/fpcsrc/2.2.4/rtl/unix/baseunix.pp"/>
        <UnitName Value="BaseUnix"/>
        <CursorPos X="1" Y="1"/>
        <TopLine Value="51"/>
        <UsageCount Value="10"/>
      </Unit18>
      <Unit19>
        <Filename Value="../packager/compression/ulzmadecoder.pas"/>
        <UnitName Value="ULZMADecoder"/>
        <CursorPos X="12" Y="316"/>
        <TopLine Value="294"/>
        <UsageCount Value="10"/>
      </Unit19>
      <Unit20>
        <Filename Value="../packager/compression/ubittreedecoder.pas"/>
        <UnitName Value="UBitTreeDecoder"/>
        <CursorPos X="13" Y="28"/>
        <TopLine Value="25"/>
        <UsageCount Value="10"/>
      </Unit20>
      <Unit21>
        <Filename Value="../../../../../../usr/share/fpcsrc/2.4.0/rtl/objpas/sysutils/diskh.inc"/>
        <CursorPos X="10" Y="22"/>
        <TopLine Value="1"/>
        <UsageCount Value="10"/>
      </Unit21>
      <Unit22>
        <Filename Value="../../../../../../usr/lib/lazarus/0.9.28.2/lcl/fileutil.pas"/>
        <UnitName Value="FileUtil"/>
        <CursorPos X="1" Y="1"/>
        <TopLine Value="121"/>
        <UsageCount Value="10"/>
      </Unit22>
      <Unit23>
        <Filename Value="../opbitmap/XPMime.pas"/>
        <UnitName Value="XPMime"/>
        <CursorPos X="17" Y="308"/>
        <TopLine Value="287"/>
        <UsageCount Value="10"/>
      </Unit23>
      <Unit24>
        <Filename Value="../opbitmap/uMimeBytes.pas"/>
        <UnitName Value="uMimeBytes"/>
        <CursorPos X="7" Y="271"/>
        <TopLine Value="241"/>
        <UsageCount Value="10"/>
      </Unit24>
      <Unit25>
        <Filename Value="../../../../../../usr/share/fpcsrc/2.4.0/rtl/objpas/sysutils/syspchh.inc"/>
        <CursorPos X="10" Y="26"/>
        <TopLine Value="5"/>
        <UsageCount Value="10"/>
      </Unit25>
      <Unit26>
        <Filename Value="../packager/tartyp.pas"/>
        <UnitName Value="TarTyp"/>
        <CursorPos X="42" Y="847"/>
        <TopLine Value="1139"/>
        <UsageCount Value="10"/>
      </Unit26>
      <Unit27>
        <Filename Value="../../../../../../usr/share/fpcsrc/2.4.0/packages/fcl-base/src/libtar.pp"/>
        <UnitName Value="libtar"/>
        <CursorPos X="1" Y="1"/>
        <TopLine Value="1"/>
        <UsageCount Value="10"/>
      </Unit27>
      <Unit28>
        <Filename Value="../packager/tarfile.pas"/>
        <UnitName Value="tarfile"/>
        <CursorPos X="17" Y="98"/>
        <TopLine Value="86"/>
        <UsageCount Value="22"/>
      </Unit28>
    </Units>
    <JumpHistory Count="5" HistoryIndex="4">
      <Position1>
        <Filename Value="libuild.lpr"/>
        <Caret Line="27" Column="26" TopLine="3"/>
      </Position1>
      <Position2>
        <Filename Value="ipkbuild.pas"/>
        <Caret Line="25" Column="23" TopLine="13"/>
      </Position2>
      <Position3>
        <Filename Value="ipkbuild.pas"/>
        <Caret Line="24" Column="38" TopLine="13"/>
      </Position3>
      <Position4>
        <Filename Value="ipkbuild.pas"/>
        <Caret Line="24" Column="38" TopLine="13"/>
      </Position4>
      <Position5>
        <Filename Value="libuild.lpr"/>
        <Caret Line="27" Column="26" TopLine="3"/>
      </Position5>
    </JumpHistory>
  </ProjectOptions>
  <CompilerOptions>
    <Version Value="8"/>
    <Target>
      <Filename Value="../build/libuild"/>
    </Target>
    <SearchPaths>
      <IncludeFiles Value="$(ProjOutDir)/"/>
      <OtherUnitFiles Value="../packager/;../packager/compression/;../opbitmap/;$(LazarusDir)/lcl/units/$(TargetCPU)-$(TargetOS)/nogui/;$(LazarusDir)/lcl/units/$(TargetCPU)-$(TargetOS)/"/>
      <LCLWidgetType Value="nogui"/>
    </SearchPaths>
    <Other>
      <CustomOptions Value="-dOpbCompat"/>
      <CompilerPath Value="$(CompPath)"/>
    </Other>
  </CompilerOptions>
  <Debugging>
    <Exceptions Count="3">
      <Item1>
        <Name Value="EAbort"/>
      </Item1>
      <Item2>
        <Name Value="ECodetoolError"/>
      </Item2>
      <Item3>
        <Name Value="EFOpenError"/>
      </Item3>
    </Exceptions>
  </Debugging>
</CONFIG>
