<?xml version="1.0"?>
<CONFIG>
  <ProjectOptions>
    <Version Value="7"/>
    <General>
      <Flags>
        <LRSInOutputDirectory Value="False"/>
      </Flags>
      <SessionStorage Value="InProjectDir"/>
      <MainUnit Value="0"/>
      <TargetFileExt Value=""/>
      <Title Value="Listaller Updater"/>
      <UseAppBundle Value="False"/>
      <ResourceType Value="res"/>
      <Icon Value="0"/>
    </General>
    <VersionInfo>
      <StringTable Comments="" CompanyName="" FileDescription="" FileVersion="0.0.0.0" InternalName="" LegalCopyright="" LegalTrademarks="" OriginalFilename="" ProductName="" ProductVersion=""/>
    </VersionInfo>
    <PublishOptions>
      <Version Value="2"/>
      <IgnoreBinaries Value="False"/>
      <IncludeFileFilter Value="*.(pas|pp|inc|lfm|lpr|lrs|lpi|lpk|sh|xml)"/>
      <ExcludeFileFilter Value="*.(bak|ppu|ppw|o|so);*~;backup"/>
    </PublishOptions>
    <RunParams>
      <local>
        <FormatVersion Value="1"/>
        <LaunchingApplication PathPlusParams="/usr/X11R6/bin/xterm -T 'Lazarus Run Output' -e $(LazarusDir)/tools/runwait.sh $(TargetCmdLine)"/>
      </local>
    </RunParams>
    <RequiredPackages Count="1">
      <Item1>
        <PackageName Value="LCL"/>
      </Item1>
    </RequiredPackages>
    <Units Count="3">
      <Unit0>
        <Filename Value="liupdate.lpr"/>
        <IsPartOfProject Value="True"/>
        <UnitName Value="liupdate"/>
      </Unit0>
      <Unit1>
        <Filename Value="updatefrm.pas"/>
        <IsPartOfProject Value="True"/>
        <ComponentName Value="UMnForm"/>
        <ResourceBaseClass Value="Form"/>
        <UnitName Value="updatefrm"/>
      </Unit1>
      <Unit2>
        <Filename Value="updexecfrm.pas"/>
        <IsPartOfProject Value="True"/>
        <ComponentName Value="UExecFm"/>
        <ResourceBaseClass Value="Form"/>
        <UnitName Value="updexecfrm"/>
      </Unit2>
    </Units>
  </ProjectOptions>
  <CompilerOptions>
    <Version Value="8"/>
    <Target>
      <Filename Value="../build/liupdate"/>
    </Target>
    <SearchPaths>
      <IncludeFiles Value="$(ProjOutDir)/"/>
      <OtherUnitFiles Value="../intf/;../packager/"/>
      <UnitOutputDirectory Value="../build"/>
      <LCLWidgetType Value="qt"/>
    </SearchPaths>
    <Parsing>
      <SyntaxOptions>
        <CStyleOperator Value="False"/>
      </SyntaxOptions>
    </Parsing>
    <Linking>
      <Options>
        <Win32>
          <GraphicApplication Value="True"/>
        </Win32>
      </Options>
    </Linking>
    <Other>
      <CompilerMessages>
        <IgnoredMessages idx5024="True"/>
      </CompilerMessages>
      <CustomOptions Value="-dUSE_QT_45
-dQT_NATIVE_DIALOGS
-XLAXi=
-XLAgmodule-2.0=
-XLAm=
-XLAatk-1.0=
-XLAXext="/>
      <CompilerPath Value="$(CompPath)"/>
      <CreateMakefileOnBuild Value="True"/>
    </Other>
  </CompilerOptions>
</CONFIG>
