<?xml version="1.0"?>
<CONFIG>
  <ProjectOptions>
    <Version Value="7"/>
    <General>
      <Flags>
        <LRSInOutputDirectory Value="False"/>
      </Flags>
      <MainUnit Value="0"/>
      <TargetFileExt Value=""/>
      <Title Value="Updater"/>
      <UseAppBundle Value="False"/>
      <ResourceType Value="res"/>
      <Icon Value="0"/>
      <ActiveWindowIndexAtStart Value="0"/>
    </General>
    <VersionInfo>
      <StringTable Comments="" CompanyName="" FileDescription="" FileVersion="0.0.0.0" InternalName="" LegalCopyright="" LegalTrademarks="" OriginalFilename="" ProductName="" ProductVersion=""/>
    </VersionInfo>
    <PublishOptions>
      <Version Value="2"/>
      <IgnoreBinaries Value="False"/>
      <IncludeFileFilter Value="*.(pas|pp|inc|lfm|lpr|lrs|lpi|lpk|sh|xml)"/>
      <ExcludeFileFilter Value="*.(bak|ppu|ppw|o|so);*~;backup"/>
    </PublishOptions>
    <RunParams>
      <local>
        <FormatVersion Value="1"/>
        <LaunchingApplication PathPlusParams="/usr/X11R6/bin/xterm -T 'Lazarus Run Output' -e $(LazarusDir)/tools/runwait.sh $(TargetCmdLine)"/>
      </local>
    </RunParams>
    <RequiredPackages Count="1">
      <Item1>
        <PackageName Value="LCL"/>
      </Item1>
    </RequiredPackages>
    <Units Count="38">
      <Unit0>
        <Filename Value="liupdate.lpr"/>
        <IsPartOfProject Value="True"/>
        <UnitName Value="liupdate"/>
        <EditorIndex Value="1"/>
        <WindowIndex Value="0"/>
        <TopLine Value="1"/>
        <CursorPos X="19" Y="26"/>
        <UsageCount Value="45"/>
        <Loaded Value="True"/>
      </Unit0>
      <Unit1>
        <Filename Value="updatefrm.pas"/>
        <IsPartOfProject Value="True"/>
        <ComponentName Value="UMnForm"/>
        <ResourceBaseClass Value="Form"/>
        <UnitName Value="updatefrm"/>
        <EditorIndex Value="0"/>
        <WindowIndex Value="0"/>
        <TopLine Value="33"/>
        <CursorPos X="1" Y="67"/>
        <UsageCount Value="45"/>
        <Loaded Value="True"/>
      </Unit1>
      <Unit2>
        <Filename Value="synapse/httpsend.pas"/>
        <UnitName Value="httpsend"/>
        <TopLine Value="1"/>
        <CursorPos X="1" Y="1"/>
        <UsageCount Value="45"/>
      </Unit2>
      <Unit3>
        <Filename Value="updexecfrm.pas"/>
        <IsPartOfProject Value="True"/>
        <ComponentName Value="UExecFm"/>
        <ResourceBaseClass Value="Form"/>
        <UnitName Value="updexecfrm"/>
        <IsVisibleTab Value="True"/>
        <EditorIndex Value="2"/>
        <WindowIndex Value="0"/>
        <TopLine Value="93"/>
        <CursorPos X="65" Y="117"/>
        <UsageCount Value="42"/>
        <Loaded Value="True"/>
      </Unit3>
      <Unit4>
        <Filename Value="abunzper.pas"/>
        <UnitName Value="AbUnzper"/>
        <TopLine Value="47"/>
        <CursorPos X="34" Y="68"/>
        <UsageCount Value="14"/>
      </Unit4>
      <Unit5>
        <Filename Value="abzbrows.pas"/>
        <UnitName Value="AbZBrows"/>
        <TopLine Value="216"/>
        <CursorPos X="1" Y="239"/>
        <UsageCount Value="14"/>
      </Unit5>
      <Unit6>
        <Filename Value="abarctyp.pas"/>
        <UnitName Value="AbArcTyp"/>
        <TopLine Value="511"/>
        <CursorPos X="3" Y="184"/>
        <UsageCount Value="10"/>
      </Unit6>
      <Unit7>
        <Filename Value="abunzprc.pas"/>
        <UnitName Value="AbUnzPrc"/>
        <TopLine Value="1376"/>
        <CursorPos X="1" Y="1402"/>
        <UsageCount Value="14"/>
      </Unit7>
      <Unit8>
        <Filename Value="ldunit.pas"/>
        <ComponentName Value="LoadForm"/>
        <ResourceBaseClass Value="Form"/>
        <UnitName Value="ldunit"/>
        <TopLine Value="1"/>
        <CursorPos X="1" Y="1"/>
        <UsageCount Value="33"/>
      </Unit8>
      <Unit9>
        <Filename Value="synapse/synaip.pas"/>
        <UnitName Value="synaip"/>
        <TopLine Value="1"/>
        <CursorPos X="1" Y="1"/>
        <UsageCount Value="10"/>
      </Unit9>
      <Unit10>
        <Filename Value="utilities.pas"/>
        <UnitName Value="utilities"/>
        <TopLine Value="175"/>
        <CursorPos X="52" Y="198"/>
        <UsageCount Value="11"/>
      </Unit10>
      <Unit11>
        <Filename Value="../../../../../usr/share/fpcsrc/packages/extra/gtk2/gtk+/gtk/gtkiconfactory.inc"/>
        <TopLine Value="26"/>
        <CursorPos X="61" Y="47"/>
        <UsageCount Value="10"/>
      </Unit11>
      <Unit12>
        <Filename Value="../../../../../usr/share/fpcsrc/packages/extra/gtk2/gtk+/gtk/gtkimage.inc"/>
        <TopLine Value="124"/>
        <CursorPos X="4" Y="10"/>
        <UsageCount Value="10"/>
      </Unit12>
      <Unit13>
        <Filename Value="distri.pas"/>
        <UnitName Value="distri"/>
        <TopLine Value="37"/>
        <CursorPos X="10" Y="48"/>
        <UsageCount Value="11"/>
      </Unit13>
      <Unit14>
        <Filename Value="trstrings.pas"/>
        <UnitName Value="trstrings"/>
        <TopLine Value="149"/>
        <CursorPos X="8" Y="189"/>
        <UsageCount Value="13"/>
      </Unit14>
      <Unit15>
        <Filename Value="../../../../../usr/share/fpcsrc/packages/extra/gtk2/gtk+/gtk/gtkenums.inc"/>
        <TopLine Value="264"/>
        <CursorPos X="6" Y="287"/>
        <UsageCount Value="11"/>
      </Unit15>
      <Unit16>
        <Filename Value="../../../../../usr/share/fpcsrc/packages/fcl-xml/src/xmlread.pp"/>
        <UnitName Value="XMLRead"/>
        <TopLine Value="13"/>
        <CursorPos X="1" Y="1"/>
        <UsageCount Value="10"/>
      </Unit16>
      <Unit17>
        <Filename Value="../../../../../usr/lib/lazarus/lcl/interfaces/gtk/gtklclintf.inc"/>
        <TopLine Value="757"/>
        <CursorPos X="28" Y="767"/>
        <UsageCount Value="10"/>
      </Unit17>
      <Unit18>
        <Filename Value="../../../../../usr/lib/lazarus/lcl/interfaces/gtk2/gtk2trayicon.inc"/>
        <TopLine Value="353"/>
        <CursorPos X="1" Y="371"/>
        <UsageCount Value="10"/>
      </Unit18>
      <Unit19>
        <Filename Value="../../../../../usr/lib/lazarus/packager/registration/lazaruspackageintf.pas"/>
        <UnitName Value="LazarusPackageIntf"/>
        <TopLine Value="1"/>
        <CursorPos X="51" Y="10"/>
        <UsageCount Value="10"/>
      </Unit19>
      <Unit20>
        <Filename Value="../../../../../usr/lib/lazarus/ide/lazarus.pp"/>
        <UnitName Value="Lazarus"/>
        <TopLine Value="74"/>
        <CursorPos X="1" Y="122"/>
        <UsageCount Value="10"/>
      </Unit20>
      <Unit21>
        <Filename Value="../../../../../usr/lib/lazarus/lcl/graphics.pp"/>
        <UnitName Value="Graphics"/>
        <TopLine Value="14"/>
        <CursorPos X="59" Y="38"/>
        <UsageCount Value="10"/>
      </Unit21>
      <Unit22>
        <Filename Value="../../../../../usr/lib/lazarus/lcl/interfaces/gtk2/interfaces.pas"/>
        <UnitName Value="Interfaces"/>
        <TopLine Value="1"/>
        <CursorPos X="1" Y="1"/>
        <UsageCount Value="10"/>
      </Unit22>
      <Unit23>
        <Filename Value="../../../../../usr/lib/lazarus/components/tachart/taseries.pas"/>
        <UnitName Value="TASeries"/>
        <TopLine Value="14"/>
        <CursorPos X="7" Y="38"/>
        <UsageCount Value="10"/>
      </Unit23>
      <Unit24>
        <Filename Value="../../../../../usr/share/fpcsrc/2.2.2/packages/gtk2/src/gtk+/gtk/gtkenums.inc"/>
        <TopLine Value="264"/>
        <CursorPos X="6" Y="287"/>
        <UsageCount Value="11"/>
      </Unit24>
      <Unit25>
        <Filename Value="../../../../../usr/share/fpcsrc/2.2.2/rtl/objpas/sysutils/sysstrh.inc"/>
        <TopLine Value="10"/>
        <CursorPos X="28" Y="33"/>
        <UsageCount Value="10"/>
      </Unit25>
      <Unit26>
        <Filename Value="../listaller-base.gtk2/unibuild.lpi"/>
        <TopLine Value="1"/>
        <CursorPos X="1" Y="1"/>
        <SyntaxHighlighter Value="XML"/>
        <UsageCount Value="10"/>
      </Unit26>
      <Unit27>
        <Filename Value="common.pas"/>
        <UnitName Value="common"/>
        <TopLine Value="109"/>
        <CursorPos X="58" Y="192"/>
        <UsageCount Value="10"/>
      </Unit27>
      <Unit28>
        <Filename Value="ipkhandle.pas"/>
        <UnitName Value="ipkhandle"/>
        <TopLine Value="1"/>
        <CursorPos X="1" Y="19"/>
        <UsageCount Value="10"/>
      </Unit28>
      <Unit29>
        <Filename Value="../../../../../usr/share/fpcsrc/2.2.4/rtl/objpas/sysutils/osutilsh.inc"/>
        <TopLine Value="1"/>
        <CursorPos X="10" Y="21"/>
        <UsageCount Value="10"/>
      </Unit29>
      <Unit30>
        <Filename Value="iconloader.pas"/>
        <UnitName Value="iconloader"/>
        <TopLine Value="1"/>
        <CursorPos X="1" Y="1"/>
        <UsageCount Value="10"/>
      </Unit30>
      <Unit31>
        <Filename Value="libasic.pas"/>
        <UnitName Value="libasic"/>
        <TopLine Value="1"/>
        <CursorPos X="1" Y="1"/>
        <UsageCount Value="10"/>
      </Unit31>
      <Unit32>
        <Filename Value="licommon.pas"/>
        <UnitName Value="licommon"/>
        <TopLine Value="241"/>
        <CursorPos X="1" Y="1"/>
        <UsageCount Value="10"/>
      </Unit32>
      <Unit33>
        <Filename Value="../packager/ipkpackage.pas"/>
        <UnitName Value="ipkpackage"/>
        <TopLine Value="375"/>
        <CursorPos X="27" Y="395"/>
        <UsageCount Value="10"/>
      </Unit33>
      <Unit34>
        <Filename Value="../bindings/appupdate.pas"/>
        <UnitName Value="appupdate"/>
        <TopLine Value="1"/>
        <CursorPos X="1" Y="1"/>
        <UsageCount Value="10"/>
      </Unit34>
      <Unit35>
        <Filename Value="litypes.pas"/>
        <UnitName Value="litypes"/>
        <TopLine Value="29"/>
        <CursorPos X="2" Y="50"/>
        <UsageCount Value="10"/>
      </Unit35>
      <Unit36>
        <Filename Value="/usr/lib/lazarus/0.9.28.2/lcl/forms.pp"/>
        <UnitName Value="Forms"/>
        <TopLine Value="529"/>
        <CursorPos X="14" Y="550"/>
        <UsageCount Value="10"/>
      </Unit36>
      <Unit37>
        <Filename Value="../synapse/httpsend.pas"/>
        <UnitName Value="httpsend"/>
        <TopLine Value="367"/>
        <CursorPos X="34" Y="388"/>
        <UsageCount Value="10"/>
      </Unit37>
    </Units>
    <JumpHistory Count="4" HistoryIndex="3">
      <Position1>
        <Filename Value="updatefrm.pas"/>
        <Caret Line="67" Column="1" TopLine="33"/>
      </Position1>
      <Position2>
        <Filename Value="liupdate.lpr"/>
        <Caret Line="28" Column="36" TopLine="1"/>
      </Position2>
      <Position3>
        <Filename Value="updexecfrm.pas"/>
        <Caret Line="56" Column="1" TopLine="28"/>
      </Position3>
      <Position4>
        <Filename Value="updexecfrm.pas"/>
        <Caret Line="57" Column="15" TopLine="34"/>
      </Position4>
    </JumpHistory>
  </ProjectOptions>
  <CompilerOptions>
    <Version Value="8"/>
    <Target>
      <Filename Value="../build/liupdate"/>
    </Target>
    <SearchPaths>
      <IncludeFiles Value="$(ProjOutDir)/"/>
      <OtherUnitFiles Value="../synapse/;../packager/;../bindings/"/>
      <UnitOutputDirectory Value="../build"/>
      <LCLWidgetType Value="qt"/>
    </SearchPaths>
    <Parsing>
      <SyntaxOptions>
        <CStyleOperator Value="False"/>
      </SyntaxOptions>
    </Parsing>
    <Linking>
      <Options>
        <Win32>
          <GraphicApplication Value="True"/>
        </Win32>
      </Options>
    </Linking>
    <Other>
      <CompilerMessages>
        <IgnoredMessages idx5024="True"/>
      </CompilerMessages>
      <CustomOptions Value="-dUSE_QT_45
-dQT_NATIVE_DIALOGS
-XLAXi=
-XLAgmodule-2.0=
-XLAm=
-XLAatk-1.0=
-XLAXext="/>
      <CompilerPath Value="$(CompPath)"/>
      <CreateMakefileOnBuild Value="True"/>
    </Other>
  </CompilerOptions>
</CONFIG>
