<?xml version="1.0"?>
<CONFIG>
  <ProjectOptions>
    <Version Value="8"/>
    <General>
      <SessionStorage Value="InProjectDir"/>
      <MainUnit Value="0"/>
      <TargetFileExt Value=""/>
      <ResourceType Value="res"/>
      <UseXPManifest Value="True"/>
    </General>
    <VersionInfo>
      <UseVersionInfo Value="True"/>
      <AutoIncrementBuild Value="True"/>
      <MinorVersionNr Value="4"/>
      <BuildNr Value="1750"/>
      <StringTable Comments="" CompanyName="" FileDescription="Library for basic Listaller features" FileVersion="0.4.0.1750" InternalName="libInstaller" LegalCopyright="Listaller Project" LegalTrademarks="" OriginalFilename="" ProductName="Listaller" ProductVersion="0.4.0.0"/>
    </VersionInfo>
    <PublishOptions>
      <Version Value="2"/>
      <IgnoreBinaries Value="False"/>
      <IncludeFileFilter Value="*.(pas|pp|inc|lfm|lpr|lrs|lpi|lpk|sh|xml)"/>
      <ExcludeFileFilter Value="*.(bak|ppu|ppw|o|so);*~;backup"/>
    </PublishOptions>
    <RunParams>
      <local>
        <FormatVersion Value="1"/>
        <LaunchingApplication PathPlusParams="/usr/X11R6/bin/xterm -T 'Lazarus Run Output' -e $(LazarusDir)/tools/runwait.sh $(TargetCmdLine)"/>
      </local>
    </RunParams>
    <Units Count="6">
      <Unit0>
        <Filename Value="liblistaller.lpr"/>
        <IsPartOfProject Value="True"/>
        <UnitName Value="liblistaller"/>
      </Unit0>
      <Unit1>
        <Filename Value="ipkinstall.pas"/>
        <IsPartOfProject Value="True"/>
        <UnitName Value="ipkinstall"/>
      </Unit1>
      <Unit2>
        <Filename Value="limanageapp.pas"/>
        <IsPartOfProject Value="True"/>
        <UnitName Value="limanageapp"/>
      </Unit2>
      <Unit3>
        <Filename Value="lidbusproc.pas"/>
        <IsPartOfProject Value="True"/>
        <UnitName Value="lidbusproc"/>
      </Unit3>
      <Unit4>
        <Filename Value="liupdateapp.pas"/>
        <IsPartOfProject Value="True"/>
        <UnitName Value="liupdateapp"/>
      </Unit4>
      <Unit5>
        <Filename Value="softwaredb.pas"/>
        <IsPartOfProject Value="True"/>
        <UnitName Value="softwaredb"/>
      </Unit5>
    </Units>
  </ProjectOptions>
  <CompilerOptions>
    <Version Value="9"/>
    <Target>
      <Filename Value="../../build/liblistaller.so.0.4.0"/>
    </Target>
    <SearchPaths>
      <IncludeFiles Value="$(ProjOutDir)/"/>
      <OtherUnitFiles Value="../../src/;../../src/bind/;../../synapse/;/usr/share/fpcsrc/$(FPCVer)/packages/dbus/src/;$(LazarusDir)/lcl/units/$(TargetCPU)-$(TargetOS)/;$(LazarusDir)/lcl/units/$(TargetCPU)-$(TargetOS)/nogui/"/>
      <UnitOutputDirectory Value="../../build/lib_$(TargetCPU)-$(TargetOS)"/>
      <LCLWidgetType Value="nogui"/>
    </SearchPaths>
    <Parsing>
      <SyntaxOptions>
        <UseAnsiStrings Value="False"/>
      </SyntaxOptions>
    </Parsing>
    <Linking>
      <Options>
        <ExecutableType Value="Library"/>
      </Options>
    </Linking>
    <Other>
      <CompilerMessages>
        <IgnoredMessages idx5024="True"/>
        <UseMsgFile Value="True"/>
      </CompilerMessages>
      <CustomOptions Value="-fPIC
"/>
      <CompilerPath Value="$(CompPath)"/>
    </Other>
  </CompilerOptions>
  <Debugging>
    <Exceptions Count="3">
      <Item1>
        <Name Value="EAbort"/>
      </Item1>
      <Item2>
        <Name Value="ECodetoolError"/>
      </Item2>
      <Item3>
        <Name Value="EFOpenError"/>
      </Item3>
    </Exceptions>
  </Debugging>
</CONFIG>
